// !$*UTF8*$!
{
	archiveVersion = 1;
	classes = {
	};
	objectVersion = 46;
	objects = {

/* Begin PBXBuildFile section */
		299D8D1A147968E400E20DAE /* NameEditingCell.h in Headers */ = {isa = PBXBuildFile; fileRef = 299D8D18147968E300E20DAE /* NameEditingCell.h */; };
		299D8D1B147968E400E20DAE /* NameEditingCell.m in Sources */ = {isa = PBXBuildFile; fileRef = 299D8D19147968E400E20DAE /* NameEditingCell.m */; };
		29B9E1B61472C1D700DB2E1F /* UIKit.framework in Frameworks */ = {isa = PBXBuildFile; fileRef = 29B9E1B51472C1D700DB2E1F /* UIKit.framework */; };
		29B9E1B81472C1D700DB2E1F /* Foundation.framework in Frameworks */ = {isa = PBXBuildFile; fileRef = 29B9E1B71472C1D700DB2E1F /* Foundation.framework */; };
		29B9E1BA1472C1D700DB2E1F /* CoreGraphics.framework in Frameworks */ = {isa = PBXBuildFile; fileRef = 29B9E1B91472C1D700DB2E1F /* CoreGraphics.framework */; };
		29B9E1BC1472C1D700DB2E1F /* CoreData.framework in Frameworks */ = {isa = PBXBuildFile; fileRef = 29B9E1BB1472C1D700DB2E1F /* CoreData.framework */; };
		29B9E1C21472C1D700DB2E1F /* InfoPlist.strings in Resources */ = {isa = PBXBuildFile; fileRef = 29B9E1C01472C1D700DB2E1F /* InfoPlist.strings */; };
		29B9E1C41472C1D700DB2E1F /* main.m in Sources */ = {isa = PBXBuildFile; fileRef = 29B9E1C31472C1D700DB2E1F /* main.m */; };
		29B9E1C81472C1D700DB2E1F /* SSAppDelegate.m in Sources */ = {isa = PBXBuildFile; fileRef = 29B9E1C71472C1D700DB2E1F /* SSAppDelegate.m */; };
		29B9E1CB1472C1D700DB2E1F /* ShiftScheduler.xcdatamodeld in Sources */ = {isa = PBXBuildFile; fileRef = 29B9E1C91472C1D700DB2E1F /* ShiftScheduler.xcdatamodeld */; };
		29B9E1D41472C2B000DB2E1F /* Localizable.strings in Resources */ = {isa = PBXBuildFile; fileRef = 29B9E1D61472C2B000DB2E1F /* Localizable.strings */; };
		29B9E1EA1472C39F00DB2E1F /* NSDate+JobInfo.m in Sources */ = {isa = PBXBuildFile; fileRef = 29B9E1DC1472C39F00DB2E1F /* NSDate+JobInfo.m */; };
		29B9E1EB1472C39F00DB2E1F /* OneJob.m in Sources */ = {isa = PBXBuildFile; fileRef = 29B9E1DE1472C39F00DB2E1F /* OneJob.m */; };
		29B9E1ED1472C39F00DB2E1F /* ProfileChangeViewController.m in Sources */ = {isa = PBXBuildFile; fileRef = 29B9E1E11472C39F00DB2E1F /* ProfileChangeViewController.m */; };
		29B9E1EE1472C39F00DB2E1F /* ProfileChangeViewController.xib in Resources */ = {isa = PBXBuildFile; fileRef = 29B9E1E21472C39F00DB2E1F /* ProfileChangeViewController.xib */; };
		29B9E1EF1472C39F00DB2E1F /* ProfilesViewController.m in Sources */ = {isa = PBXBuildFile; fileRef = 29B9E1E41472C39F00DB2E1F /* ProfilesViewController.m */; };
		29B9E1F01472C39F00DB2E1F /* tabBarVC.xib in Resources */ = {isa = PBXBuildFile; fileRef = 29B9E1E51472C39F00DB2E1F /* tabBarVC.xib */; };
		29B9E1F11472C39F00DB2E1F /* WorkdayDataSource.m in Sources */ = {isa = PBXBuildFile; fileRef = 29B9E1E71472C39F00DB2E1F /* WorkdayDataSource.m */; };
		29B9E1FB1472C72000DB2E1F /* Kal.bundle in Resources */ = {isa = PBXBuildFile; fileRef = 29B9E1FA1472C72000DB2E1F /* Kal.bundle */; };
		29B9E2071472C95800DB2E1F /* libKal.a in Frameworks */ = {isa = PBXBuildFile; fileRef = 29B9E2061472C94C00DB2E1F /* libKal.a */; };
		29B9E2181472D21000DB2E1F /* NSDateAdditions.m in Sources */ = {isa = PBXBuildFile; fileRef = 29B9E2171472D21000DB2E1F /* NSDateAdditions.m */; };
		29B9E21B1472D6FE00DB2E1F /* UIViewAdditions.m in Sources */ = {isa = PBXBuildFile; fileRef = 29B9E21A1472D6FE00DB2E1F /* UIViewAdditions.m */; };
		29E128C41476C861008DDB53 /* calendar-2.png in Resources */ = {isa = PBXBuildFile; fileRef = 29E128C11476C861008DDB53 /* calendar-2.png */; };
		29E128C51476C861008DDB53 /* calendar-1.png in Resources */ = {isa = PBXBuildFile; fileRef = 29E128C21476C861008DDB53 /* calendar-1.png */; };
		29E128C61476C861008DDB53 /* calendar.png in Resources */ = {isa = PBXBuildFile; fileRef = 29E128C31476C861008DDB53 /* calendar.png */; };
		29E128C81476CB53008DDB53 /* calendar-57x57.png in Resources */ = {isa = PBXBuildFile; fileRef = 29E128C71476CB53008DDB53 /* calendar-57x57.png */; };
		29E128CA1476CBCA008DDB53 /* calendar-114x114.png in Resources */ = {isa = PBXBuildFile; fileRef = 29E128C91476CBC9008DDB53 /* calendar-114x114.png */; };
/* End PBXBuildFile section */

/* Begin PBXContainerItemProxy section */
		29B9E2051472C94C00DB2E1F /* PBXContainerItemProxy */ = {
			isa = PBXContainerItemProxy;
			containerPortal = 29B9E1FE1472C94C00DB2E1F /* Kal.xcodeproj */;
			proxyType = 2;
			remoteGlobalIDString = D2AAC07E0554694100DB518D;
			remoteInfo = Kal;
		};
		29B9E2081472C95D00DB2E1F /* PBXContainerItemProxy */ = {
			isa = PBXContainerItemProxy;
			containerPortal = 29B9E1FE1472C94C00DB2E1F /* Kal.xcodeproj */;
			proxyType = 1;
			remoteGlobalIDString = D2AAC07D0554694100DB518D;
			remoteInfo = Kal;
		};
/* End PBXContainerItemProxy section */

/* Begin PBXFileReference section */
		299D8D18147968E300E20DAE /* NameEditingCell.h */ = {isa = PBXFileReference; fileEncoding = 4; lastKnownFileType = sourcecode.c.h; path = NameEditingCell.h; sourceTree = "<group>"; };
		299D8D19147968E400E20DAE /* NameEditingCell.m */ = {isa = PBXFileReference; fileEncoding = 4; lastKnownFileType = sourcecode.c.objc; path = NameEditingCell.m; sourceTree = "<group>"; };
		29B9E1B11472C1D700DB2E1F /* ShiftScheduler.app */ = {isa = PBXFileReference; explicitFileType = wrapper.application; includeInIndex = 0; path = ShiftScheduler.app; sourceTree = BUILT_PRODUCTS_DIR; };
		29B9E1B51472C1D700DB2E1F /* UIKit.framework */ = {isa = PBXFileReference; lastKnownFileType = wrapper.framework; name = UIKit.framework; path = System/Library/Frameworks/UIKit.framework; sourceTree = SDKROOT; };
		29B9E1B71472C1D700DB2E1F /* Foundation.framework */ = {isa = PBXFileReference; lastKnownFileType = wrapper.framework; name = Foundation.framework; path = System/Library/Frameworks/Foundation.framework; sourceTree = SDKROOT; };
		29B9E1B91472C1D700DB2E1F /* CoreGraphics.framework */ = {isa = PBXFileReference; lastKnownFileType = wrapper.framework; name = CoreGraphics.framework; path = System/Library/Frameworks/CoreGraphics.framework; sourceTree = SDKROOT; };
		29B9E1BB1472C1D700DB2E1F /* CoreData.framework */ = {isa = PBXFileReference; lastKnownFileType = wrapper.framework; name = CoreData.framework; path = System/Library/Frameworks/CoreData.framework; sourceTree = SDKROOT; };
		29B9E1BF1472C1D700DB2E1F /* ShiftScheduler-Info.plist */ = {isa = PBXFileReference; lastKnownFileType = text.plist.xml; path = "ShiftScheduler-Info.plist"; sourceTree = "<group>"; };
		29B9E1C11472C1D700DB2E1F /* en */ = {isa = PBXFileReference; lastKnownFileType = text.plist.strings; name = en; path = en.lproj/InfoPlist.strings; sourceTree = "<group>"; };
		29B9E1C31472C1D700DB2E1F /* main.m */ = {isa = PBXFileReference; lastKnownFileType = sourcecode.c.objc; path = main.m; sourceTree = "<group>"; };
		29B9E1C51472C1D700DB2E1F /* ShiftScheduler-Prefix.pch */ = {isa = PBXFileReference; lastKnownFileType = sourcecode.c.h; path = "ShiftScheduler-Prefix.pch"; sourceTree = "<group>"; };
		29B9E1C61472C1D700DB2E1F /* SSAppDelegate.h */ = {isa = PBXFileReference; lastKnownFileType = sourcecode.c.h; path = SSAppDelegate.h; sourceTree = "<group>"; };
		29B9E1C71472C1D700DB2E1F /* SSAppDelegate.m */ = {isa = PBXFileReference; lastKnownFileType = sourcecode.c.objc; path = SSAppDelegate.m; sourceTree = "<group>"; };
		29B9E1CA1472C1D700DB2E1F /* ShiftScheduler.xcdatamodel */ = {isa = PBXFileReference; lastKnownFileType = wrapper.xcdatamodel; path = ShiftScheduler.xcdatamodel; sourceTree = "<group>"; };
		29B9E1D31472C2A800DB2E1F /* zh-Hans */ = {isa = PBXFileReference; lastKnownFileType = text.plist.strings; name = "zh-Hans"; path = "/Users/zhangjeef/Developer/ShiftScheduler2/ShiftScheduler/ShiftScheduler/zh-Hans.lproj/InfoPlist.strings"; sourceTree = "<absolute>"; };
		29B9E1D51472C2B000DB2E1F /* en */ = {isa = PBXFileReference; lastKnownFileType = text.plist.strings; name = en; path = en.lproj/Localizable.strings; sourceTree = "<group>"; };
		29B9E1D71472C2B600DB2E1F /* zh-Hans */ = {isa = PBXFileReference; lastKnownFileType = text.plist.strings; name = "zh-Hans"; path = "zh-Hans.lproj/Localizable.strings"; sourceTree = "<group>"; };
		29B9E1DB1472C39E00DB2E1F /* NSDate+JobInfo.h */ = {isa = PBXFileReference; fileEncoding = 4; lastKnownFileType = sourcecode.c.h; path = "NSDate+JobInfo.h"; sourceTree = "<group>"; };
		29B9E1DC1472C39F00DB2E1F /* NSDate+JobInfo.m */ = {isa = PBXFileReference; fileEncoding = 4; lastKnownFileType = sourcecode.c.objc; path = "NSDate+JobInfo.m"; sourceTree = "<group>"; };
		29B9E1DD1472C39F00DB2E1F /* OneJob.h */ = {isa = PBXFileReference; fileEncoding = 4; lastKnownFileType = sourcecode.c.h; path = OneJob.h; sourceTree = "<group>"; };
		29B9E1DE1472C39F00DB2E1F /* OneJob.m */ = {isa = PBXFileReference; fileEncoding = 4; lastKnownFileType = sourcecode.c.objc; path = OneJob.m; sourceTree = "<group>"; };
		29B9E1E01472C39F00DB2E1F /* ProfileChangeViewController.h */ = {isa = PBXFileReference; fileEncoding = 4; lastKnownFileType = sourcecode.c.h; path = ProfileChangeViewController.h; sourceTree = "<group>"; };
		29B9E1E11472C39F00DB2E1F /* ProfileChangeViewController.m */ = {isa = PBXFileReference; fileEncoding = 4; lastKnownFileType = sourcecode.c.objc; path = ProfileChangeViewController.m; sourceTree = "<group>"; };
		29B9E1E21472C39F00DB2E1F /* ProfileChangeViewController.xib */ = {isa = PBXFileReference; fileEncoding = 4; lastKnownFileType = file.xib; path = ProfileChangeViewController.xib; sourceTree = "<group>"; };
		29B9E1E31472C39F00DB2E1F /* ProfilesViewController.h */ = {isa = PBXFileReference; fileEncoding = 4; lastKnownFileType = sourcecode.c.h; path = ProfilesViewController.h; sourceTree = "<group>"; };
		29B9E1E41472C39F00DB2E1F /* ProfilesViewController.m */ = {isa = PBXFileReference; fileEncoding = 4; lastKnownFileType = sourcecode.c.objc; path = ProfilesViewController.m; sourceTree = "<group>"; };
		29B9E1E51472C39F00DB2E1F /* tabBarVC.xib */ = {isa = PBXFileReference; fileEncoding = 4; lastKnownFileType = file.xib; path = tabBarVC.xib; sourceTree = "<group>"; };
		29B9E1E61472C39F00DB2E1F /* WorkdayDataSource.h */ = {isa = PBXFileReference; fileEncoding = 4; lastKnownFileType = sourcecode.c.h; path = WorkdayDataSource.h; sourceTree = "<group>"; };
		29B9E1E71472C39F00DB2E1F /* WorkdayDataSource.m */ = {isa = PBXFileReference; fileEncoding = 4; lastKnownFileType = sourcecode.c.objc; path = WorkdayDataSource.m; sourceTree = "<group>"; };
		29B9E1FA1472C72000DB2E1F /* Kal.bundle */ = {isa = PBXFileReference; lastKnownFileType = "wrapper.plug-in"; name = Kal.bundle; path = ../../Kal/src/Kal.bundle; sourceTree = "<group>"; };
		29B9E1FE1472C94C00DB2E1F /* Kal.xcodeproj */ = {isa = PBXFileReference; lastKnownFileType = "wrapper.pb-project"; name = Kal.xcodeproj; path = ../../Kal/src/Kal.xcodeproj; sourceTree = "<group>"; };
		29B9E2161472D21000DB2E1F /* NSDateAdditions.h */ = {isa = PBXFileReference; fileEncoding = 4; lastKnownFileType = sourcecode.c.h; name = NSDateAdditions.h; path = ../../Kal/src/NSDateAdditions.h; sourceTree = "<group>"; };
		29B9E2171472D21000DB2E1F /* NSDateAdditions.m */ = {isa = PBXFileReference; fileEncoding = 4; lastKnownFileType = sourcecode.c.objc; name = NSDateAdditions.m; path = ../../Kal/src/NSDateAdditions.m; sourceTree = "<group>"; };
		29B9E2191472D6FD00DB2E1F /* UIViewAdditions.h */ = {isa = PBXFileReference; fileEncoding = 4; lastKnownFileType = sourcecode.c.h; name = UIViewAdditions.h; path = ../../Kal/src/UIViewAdditions.h; sourceTree = "<group>"; };
		29B9E21A1472D6FE00DB2E1F /* UIViewAdditions.m */ = {isa = PBXFileReference; fileEncoding = 4; lastKnownFileType = sourcecode.c.objc; name = UIViewAdditions.m; path = ../../Kal/src/UIViewAdditions.m; sourceTree = "<group>"; };
		29E128C11476C861008DDB53 /* calendar-2.png */ = {isa = PBXFileReference; lastKnownFileType = image.png; path = "calendar-2.png"; sourceTree = "<group>"; };
		29E128C21476C861008DDB53 /* calendar-1.png */ = {isa = PBXFileReference; lastKnownFileType = image.png; path = "calendar-1.png"; sourceTree = "<group>"; };
		29E128C31476C861008DDB53 /* calendar.png */ = {isa = PBXFileReference; lastKnownFileType = image.png; path = calendar.png; sourceTree = "<group>"; };
		29E128C71476CB53008DDB53 /* calendar-57x57.png */ = {isa = PBXFileReference; lastKnownFileType = image.png; name = "calendar-57x57.png"; path = "../calendar-57x57.png"; sourceTree = "<group>"; };
		29E128C91476CBC9008DDB53 /* calendar-114x114.png */ = {isa = PBXFileReference; lastKnownFileType = image.png; name = "calendar-114x114.png"; path = "../calendar-114x114.png"; sourceTree = "<group>"; };
		29E128CB1476D408008DDB53 /* KalViewController.h */ = {isa = PBXFileReference; fileEncoding = 4; lastKnownFileType = sourcecode.c.h; name = KalViewController.h; path = ../../Kal/src/KalViewController.h; sourceTree = "<group>"; };
		29E128CC1476D431008DDB53 /* Kal.h */ = {isa = PBXFileReference; fileEncoding = 4; lastKnownFileType = sourcecode.c.h; name = Kal.h; path = ../../Kal/src/Kal.h; sourceTree = "<group>"; };
/* End PBXFileReference section */

/* Begin PBXFrameworksBuildPhase section */
		29B9E1AE1472C1D700DB2E1F /* Frameworks */ = {
			isa = PBXFrameworksBuildPhase;
			buildActionMask = 2147483647;
			files = (
				29B9E2071472C95800DB2E1F /* libKal.a in Frameworks */,
				29B9E1B61472C1D700DB2E1F /* UIKit.framework in Frameworks */,
				29B9E1B81472C1D700DB2E1F /* Foundation.framework in Frameworks */,
				29B9E1BA1472C1D700DB2E1F /* CoreGraphics.framework in Frameworks */,
				29B9E1BC1472C1D700DB2E1F /* CoreData.framework in Frameworks */,
			);
			runOnlyForDeploymentPostprocessing = 0;
		};
/* End PBXFrameworksBuildPhase section */

/* Begin PBXGroup section */
		299D8D0D147948B900E20DAE /* ProfileView */ = {
			isa = PBXGroup;
			children = (
				29B9E1E01472C39F00DB2E1F /* ProfileChangeViewController.h */,
				29B9E1E11472C39F00DB2E1F /* ProfileChangeViewController.m */,
				299D8D18147968E300E20DAE /* NameEditingCell.h */,
				299D8D19147968E400E20DAE /* NameEditingCell.m */,
				29B9E1E21472C39F00DB2E1F /* ProfileChangeViewController.xib */,
				29B9E1E31472C39F00DB2E1F /* ProfilesViewController.h */,
				29B9E1E41472C39F00DB2E1F /* ProfilesViewController.m */,
			);
			name = ProfileView;
			sourceTree = "<group>";
		};
		29B9E1A61472C1D700DB2E1F = {
			isa = PBXGroup;
			children = (
				29E128CB1476D408008DDB53 /* KalViewController.h */,
				29E128CC1476D431008DDB53 /* Kal.h */,
				29B9E2161472D21000DB2E1F /* NSDateAdditions.h */,
				29B9E2191472D6FD00DB2E1F /* UIViewAdditions.h */,
				29B9E21A1472D6FE00DB2E1F /* UIViewAdditions.m */,
				29B9E2171472D21000DB2E1F /* NSDateAdditions.m */,
				29B9E1FE1472C94C00DB2E1F /* Kal.xcodeproj */,
				29B9E1FA1472C72000DB2E1F /* Kal.bundle */,
				29B9E1BD1472C1D700DB2E1F /* ShiftScheduler */,
				29B9E1B41472C1D700DB2E1F /* Frameworks */,
				29B9E1B21472C1D700DB2E1F /* Products */,
			);
			sourceTree = "<group>";
		};
		29B9E1B21472C1D700DB2E1F /* Products */ = {
			isa = PBXGroup;
			children = (
				29B9E1B11472C1D700DB2E1F /* ShiftScheduler.app */,
			);
			name = Products;
			sourceTree = "<group>";
		};
		29B9E1B41472C1D700DB2E1F /* Frameworks */ = {
			isa = PBXGroup;
			children = (
				29B9E1B51472C1D700DB2E1F /* UIKit.framework */,
				29B9E1B71472C1D700DB2E1F /* Foundation.framework */,
				29B9E1B91472C1D700DB2E1F /* CoreGraphics.framework */,
				29B9E1BB1472C1D700DB2E1F /* CoreData.framework */,
			);
			name = Frameworks;
			sourceTree = "<group>";
		};
		29B9E1BD1472C1D700DB2E1F /* ShiftScheduler */ = {
			isa = PBXGroup;
			children = (
				299D8D0D147948B900E20DAE /* ProfileView */,
				29B9E1C61472C1D700DB2E1F /* SSAppDelegate.h */,
				29B9E1C71472C1D700DB2E1F /* SSAppDelegate.m */,
				29B9E1DB1472C39E00DB2E1F /* NSDate+JobInfo.h */,
				29B9E1DC1472C39F00DB2E1F /* NSDate+JobInfo.m */,
				29B9E1DD1472C39F00DB2E1F /* OneJob.h */,
				29B9E1DE1472C39F00DB2E1F /* OneJob.m */,
				29B9E1E51472C39F00DB2E1F /* tabBarVC.xib */,
				29B9E1E61472C39F00DB2E1F /* WorkdayDataSource.h */,
				29B9E1E71472C39F00DB2E1F /* WorkdayDataSource.m */,
				29B9E1C91472C1D700DB2E1F /* ShiftScheduler.xcdatamodeld */,
				29B9E1BE1472C1D700DB2E1F /* Supporting Files */,
			);
			path = ShiftScheduler;
			sourceTree = "<group>";
		};
		29B9E1BE1472C1D700DB2E1F /* Supporting Files */ = {
			isa = PBXGroup;
			children = (
				29E128C91476CBC9008DDB53 /* calendar-114x114.png */,
				29E128C71476CB53008DDB53 /* calendar-57x57.png */,
				29E128C11476C861008DDB53 /* calendar-2.png */,
				29E128C21476C861008DDB53 /* calendar-1.png */,
				29E128C31476C861008DDB53 /* calendar.png */,
				29B9E1D61472C2B000DB2E1F /* Localizable.strings */,
				29B9E1BF1472C1D700DB2E1F /* ShiftScheduler-Info.plist */,
				29B9E1C01472C1D700DB2E1F /* InfoPlist.strings */,
				29B9E1C31472C1D700DB2E1F /* main.m */,
				29B9E1C51472C1D700DB2E1F /* ShiftScheduler-Prefix.pch */,
			);
			name = "Supporting Files";
			sourceTree = "<group>";
		};
		29B9E1FF1472C94C00DB2E1F /* Products */ = {
			isa = PBXGroup;
			children = (
				29B9E2061472C94C00DB2E1F /* libKal.a */,
			);
			name = Products;
			sourceTree = "<group>";
		};
/* End PBXGroup section */

/* Begin PBXHeadersBuildPhase section */
		29E128CD1476DA7F008DDB53 /* Headers */ = {
			isa = PBXHeadersBuildPhase;
			buildActionMask = 2147483647;
			files = (
				299D8D1A147968E400E20DAE /* NameEditingCell.h in Headers */,
			);
			runOnlyForDeploymentPostprocessing = 0;
		};
/* End PBXHeadersBuildPhase section */

/* Begin PBXNativeTarget section */
		29B9E1B01472C1D700DB2E1F /* ShiftScheduler */ = {
			isa = PBXNativeTarget;
			buildConfigurationList = 29B9E1CE1472C1D700DB2E1F /* Build configuration list for PBXNativeTarget "ShiftScheduler" */;
			buildPhases = (
				29B9E1AE1472C1D700DB2E1F /* Frameworks */,
				29B9E1AD1472C1D700DB2E1F /* Sources */,
				29B9E1AF1472C1D700DB2E1F /* Resources */,
				29E128CD1476DA7F008DDB53 /* Headers */,
			);
			buildRules = (
			);
			dependencies = (
				29B9E2091472C95D00DB2E1F /* PBXTargetDependency */,
			);
			name = ShiftScheduler;
			productName = ShiftScheduler;
			productReference = 29B9E1B11472C1D700DB2E1F /* ShiftScheduler.app */;
			productType = "com.apple.product-type.application";
		};
/* End PBXNativeTarget section */

/* Begin PBXProject section */
		29B9E1A81472C1D700DB2E1F /* Project object */ = {
			isa = PBXProject;
			attributes = {
				LastUpgradeCheck = 0420;
			};
			buildConfigurationList = 29B9E1AB1472C1D700DB2E1F /* Build configuration list for PBXProject "ShiftScheduler" */;
			compatibilityVersion = "Xcode 3.2";
			developmentRegion = English;
			hasScannedForEncodings = 0;
			knownRegions = (
				en,
				"zh-Hans",
			);
			mainGroup = 29B9E1A61472C1D700DB2E1F;
			productRefGroup = 29B9E1B21472C1D700DB2E1F /* Products */;
			projectDirPath = "";
			projectReferences = (
				{
					ProductGroup = 29B9E1FF1472C94C00DB2E1F /* Products */;
					ProjectRef = 29B9E1FE1472C94C00DB2E1F /* Kal.xcodeproj */;
				},
			);
			projectRoot = "";
			targets = (
				29B9E1B01472C1D700DB2E1F /* ShiftScheduler */,
			);
		};
/* End PBXProject section */

/* Begin PBXReferenceProxy section */
		29B9E2061472C94C00DB2E1F /* libKal.a */ = {
			isa = PBXReferenceProxy;
			fileType = archive.ar;
			path = libKal.a;
			remoteRef = 29B9E2051472C94C00DB2E1F /* PBXContainerItemProxy */;
			sourceTree = BUILT_PRODUCTS_DIR;
		};
/* End PBXReferenceProxy section */

/* Begin PBXResourcesBuildPhase section */
		29B9E1AF1472C1D700DB2E1F /* Resources */ = {
			isa = PBXResourcesBuildPhase;
			buildActionMask = 2147483647;
			files = (
				29B9E1FB1472C72000DB2E1F /* Kal.bundle in Resources */,
				29B9E1C21472C1D700DB2E1F /* InfoPlist.strings in Resources */,
				29B9E1D41472C2B000DB2E1F /* Localizable.strings in Resources */,
				29B9E1EE1472C39F00DB2E1F /* ProfileChangeViewController.xib in Resources */,
				29B9E1F01472C39F00DB2E1F /* tabBarVC.xib in Resources */,
				29E128C41476C861008DDB53 /* calendar-2.png in Resources */,
				29E128C51476C861008DDB53 /* calendar-1.png in Resources */,
				29E128C61476C861008DDB53 /* calendar.png in Resources */,
				29E128C81476CB53008DDB53 /* calendar-57x57.png in Resources */,
				29E128CA1476CBCA008DDB53 /* calendar-114x114.png in Resources */,
			);
			runOnlyForDeploymentPostprocessing = 0;
		};
/* End PBXResourcesBuildPhase section */

/* Begin PBXSourcesBuildPhase section */
		29B9E1AD1472C1D700DB2E1F /* Sources */ = {
			isa = PBXSourcesBuildPhase;
			buildActionMask = 2147483647;
			files = (
				29B9E1C41472C1D700DB2E1F /* main.m in Sources */,
				29B9E1C81472C1D700DB2E1F /* SSAppDelegate.m in Sources */,
				29B9E1CB1472C1D700DB2E1F /* ShiftScheduler.xcdatamodeld in Sources */,
				29B9E1EA1472C39F00DB2E1F /* NSDate+JobInfo.m in Sources */,
				29B9E1EB1472C39F00DB2E1F /* OneJob.m in Sources */,
				29B9E1ED1472C39F00DB2E1F /* ProfileChangeViewController.m in Sources */,
				29B9E1EF1472C39F00DB2E1F /* ProfilesViewController.m in Sources */,
				29B9E1F11472C39F00DB2E1F /* WorkdayDataSource.m in Sources */,
				29B9E2181472D21000DB2E1F /* NSDateAdditions.m in Sources */,
				29B9E21B1472D6FE00DB2E1F /* UIViewAdditions.m in Sources */,
				299D8D1B147968E400E20DAE /* NameEditingCell.m in Sources */,
			);
			runOnlyForDeploymentPostprocessing = 0;
		};
/* End PBXSourcesBuildPhase section */

/* Begin PBXTargetDependency section */
		29B9E2091472C95D00DB2E1F /* PBXTargetDependency */ = {
			isa = PBXTargetDependency;
			name = Kal;
			targetProxy = 29B9E2081472C95D00DB2E1F /* PBXContainerItemProxy */;
		};
/* End PBXTargetDependency section */

/* Begin PBXVariantGroup section */
		29B9E1C01472C1D700DB2E1F /* InfoPlist.strings */ = {
			isa = PBXVariantGroup;
			children = (
				29B9E1C11472C1D700DB2E1F /* en */,
				29B9E1D31472C2A800DB2E1F /* zh-Hans */,
			);
			name = InfoPlist.strings;
			sourceTree = "<group>";
		};
		29B9E1D61472C2B000DB2E1F /* Localizable.strings */ = {
			isa = PBXVariantGroup;
			children = (
				29B9E1D51472C2B000DB2E1F /* en */,
				29B9E1D71472C2B600DB2E1F /* zh-Hans */,
			);
			name = Localizable.strings;
			sourceTree = "<group>";
		};
/* End PBXVariantGroup section */

/* Begin XCBuildConfiguration section */
		29B9E1CC1472C1D700DB2E1F /* Debug */ = {
			isa = XCBuildConfiguration;
			buildSettings = {
				ALWAYS_SEARCH_USER_PATHS = NO;
				ARCHS = "$(ARCHS_STANDARD_32_BIT)";
				CODE_SIGN_IDENTITY = "iPhone Developer";
				"CODE_SIGN_IDENTITY[sdk=iphoneos*]" = "iPhone Developer";
				COPY_PHASE_STRIP = NO;
				GCC_C_LANGUAGE_STANDARD = gnu99;
				GCC_DYNAMIC_NO_PIC = NO;
				GCC_OPTIMIZATION_LEVEL = 0;
				GCC_PREPROCESSOR_DEFINITIONS = (
					"DEBUG=1",
					"$(inherited)",
				);
				GCC_SYMBOLS_PRIVATE_EXTERN = NO;
				GCC_VERSION = com.apple.compilers.llvm.clang.1_0;
				GCC_WARN_ABOUT_MISSING_PROTOTYPES = YES;
				GCC_WARN_ABOUT_RETURN_TYPE = YES;
				GCC_WARN_UNUSED_VARIABLE = YES;
				IPHONEOS_DEPLOYMENT_TARGET = 5.0;
				PROVISIONING_PROFILE = "";
				SDKROOT = iphoneos;
				SKIP_INSTALL = NO;
				TARGETED_DEVICE_FAMILY = "1,2";
			};
			name = Debug;
		};
		29B9E1CD1472C1D700DB2E1F /* Release */ = {
			isa = XCBuildConfiguration;
			buildSettings = {
				ALWAYS_SEARCH_USER_PATHS = NO;
				ARCHS = "$(ARCHS_STANDARD_32_BIT)";
				CODE_SIGN_IDENTITY = "iPhone Distribution";
				"CODE_SIGN_IDENTITY[sdk=iphoneos*]" = "iPhone Distribution";
				COPY_PHASE_STRIP = YES;
				GCC_C_LANGUAGE_STANDARD = gnu99;
				GCC_VERSION = com.apple.compilers.llvm.clang.1_0;
				GCC_WARN_ABOUT_MISSING_PROTOTYPES = YES;
				GCC_WARN_ABOUT_RETURN_TYPE = YES;
				GCC_WARN_UNUSED_VARIABLE = YES;
				IPHONEOS_DEPLOYMENT_TARGET = 5.0;
				OTHER_CFLAGS = "-DNS_BLOCK_ASSERTIONS=1";
				PROVISIONING_PROFILE = "";
				"PROVISIONING_PROFILE[sdk=iphoneos*]" = "";
				SDKROOT = iphoneos;
				SKIP_INSTALL = NO;
				TARGETED_DEVICE_FAMILY = "1,2";
				VALIDATE_PRODUCT = YES;
			};
			name = Release;
		};
		29B9E1CF1472C1D700DB2E1F /* Debug */ = {
			isa = XCBuildConfiguration;
			buildSettings = {
				GCC_PRECOMPILE_PREFIX_HEADER = YES;
				GCC_PREFIX_HEADER = "ShiftScheduler/ShiftScheduler-Prefix.pch";
				INFOPLIST_FILE = "ShiftScheduler/ShiftScheduler-Info.plist";
				IPHONEOS_DEPLOYMENT_TARGET = 4.3;
				PRODUCT_NAME = "$(TARGET_NAME)";
				SKIP_INSTALL = NO;
				TARGETED_DEVICE_FAMILY = 1;
				"USER_HEADER_SEARCH_PATHS[arch=*]" = "$(BUILT_PRODUCTS_DIR)/**";
				WRAPPER_EXTENSION = app;
			};
			name = Debug;
		};
		29B9E1D01472C1D700DB2E1F /* Release */ = {
			isa = XCBuildConfiguration;
			buildSettings = {
				GCC_PRECOMPILE_PREFIX_HEADER = YES;
				GCC_PREFIX_HEADER = "ShiftScheduler/ShiftScheduler-Prefix.pch";
				INFOPLIST_FILE = "ShiftScheduler/ShiftScheduler-Info.plist";
				IPHONEOS_DEPLOYMENT_TARGET = 4.3;
				PRODUCT_NAME = "$(TARGET_NAME)";
				SKIP_INSTALL = NO;
				TARGETED_DEVICE_FAMILY = 1;
				USER_HEADER_SEARCH_PATHS = "$(BUILT_PRODUCTS_DIR)/**";
				"USER_HEADER_SEARCH_PATHS[arch=*]" = "";
				WRAPPER_EXTENSION = app;
			};
			name = Release;
		};
/* End XCBuildConfiguration section */

/* Begin XCConfigurationList section */
		29B9E1AB1472C1D700DB2E1F /* Build configuration list for PBXProject "ShiftScheduler" */ = {
			isa = XCConfigurationList;
			buildConfigurations = (
				29B9E1CC1472C1D700DB2E1F /* Debug */,
				29B9E1CD1472C1D700DB2E1F /* Release */,
			);
			defaultConfigurationIsVisible = 0;
			defaultConfigurationName = Release;
		};
		29B9E1CE1472C1D700DB2E1F /* Build configuration list for PBXNativeTarget "ShiftScheduler" */ = {
			isa = XCConfigurationList;
			buildConfigurations = (
				29B9E1CF1472C1D700DB2E1F /* Debug */,
				29B9E1D01472C1D700DB2E1F /* Release */,
			);
			defaultConfigurationIsVisible = 0;
			defaultConfigurationName = Release;
		};
/* End XCConfigurationList section */

/* Begin XCVersionGroup section */
		29B9E1C91472C1D700DB2E1F /* ShiftScheduler.xcdatamodeld */ = {
			isa = XCVersionGroup;
			children = (
				29B9E1CA1472C1D700DB2E1F /* ShiftScheduler.xcdatamodel */,
			);
			currentVersion = 29B9E1CA1472C1D700DB2E1F /* ShiftScheduler.xcdatamodel */;
			path = ShiftScheduler.xcdatamodeld;
			sourceTree = "<group>";
			versionGroupType = wrapper.xcdatamodel;
		};
/* End XCVersionGroup section */
	};
	rootObject = 29B9E1A81472C1D700DB2E1F /* Project object */;
}
