// !$*UTF8*$!
{
	archiveVersion = 1;
	classes = {
	};
	objectVersion = 46;
	objects = {

/* Begin PBXBuildFile section */
		290474CD148E7A4E0089A432 /* ShfitChangeList.m in Sources */ = {isa = PBXBuildFile; fileRef = 290474CA148E7A4E0089A432 /* ShfitChangeList.m */; };
		290474CE148E7A4E0089A432 /* ShfitChangeList.xib in Resources */ = {isa = PBXBuildFile; fileRef = 290474CB148E7A4E0089A432 /* ShfitChangeList.xib */; };
		290474E9148FC6DB0089A432 /* ShiftPickerDataSource.h in Headers */ = {isa = PBXBuildFile; fileRef = 290474E7148FC6DA0089A432 /* ShiftPickerDataSource.h */; };
		290474EA148FC6DB0089A432 /* ShiftPickerDataSource.m in Sources */ = {isa = PBXBuildFile; fileRef = 290474E8148FC6DB0089A432 /* ShiftPickerDataSource.m */; };
		2919033C14A8CA2200EE1F32 /* ShiftChangeAddVC.h in Headers */ = {isa = PBXBuildFile; fileRef = 2919033914A8CA2200EE1F32 /* ShiftChangeAddVC.h */; };
		2919033D14A8CA2200EE1F32 /* ShiftChangeAddVC.m in Sources */ = {isa = PBXBuildFile; fileRef = 2919033A14A8CA2200EE1F32 /* ShiftChangeAddVC.m */; };
		2919033E14A8CA2200EE1F32 /* ShiftChangeAddVC.xib in Resources */ = {isa = PBXBuildFile; fileRef = 2919033B14A8CA2200EE1F32 /* ShiftChangeAddVC.xib */; };
		2929A44414D04B360059728D /* InfColorBarPicker.h in Headers */ = {isa = PBXBuildFile; fileRef = 2929A43614D04B360059728D /* InfColorBarPicker.h */; };
		2929A44514D04B360059728D /* InfColorBarPicker.m in Sources */ = {isa = PBXBuildFile; fileRef = 2929A43714D04B360059728D /* InfColorBarPicker.m */; };
		2929A44614D04B360059728D /* InfColorIndicatorView.h in Headers */ = {isa = PBXBuildFile; fileRef = 2929A43814D04B360059728D /* InfColorIndicatorView.h */; };
		2929A44714D04B360059728D /* InfColorIndicatorView.m in Sources */ = {isa = PBXBuildFile; fileRef = 2929A43914D04B360059728D /* InfColorIndicatorView.m */; };
		2929A44814D04B360059728D /* InfColorPicker.h in Headers */ = {isa = PBXBuildFile; fileRef = 2929A43A14D04B360059728D /* InfColorPicker.h */; };
		2929A44914D04B360059728D /* InfColorPickerController.h in Headers */ = {isa = PBXBuildFile; fileRef = 2929A43B14D04B360059728D /* InfColorPickerController.h */; };
		2929A44A14D04B360059728D /* InfColorPickerController.m in Sources */ = {isa = PBXBuildFile; fileRef = 2929A43C14D04B360059728D /* InfColorPickerController.m */; };
		2929A44B14D04B360059728D /* InfColorPickerView.xib in Resources */ = {isa = PBXBuildFile; fileRef = 2929A43D14D04B360059728D /* InfColorPickerView.xib */; };
		2929A44C14D04B360059728D /* InfColorSquarePicker.h in Headers */ = {isa = PBXBuildFile; fileRef = 2929A43E14D04B360059728D /* InfColorSquarePicker.h */; };
		2929A44D14D04B360059728D /* InfColorSquarePicker.m in Sources */ = {isa = PBXBuildFile; fileRef = 2929A43F14D04B360059728D /* InfColorSquarePicker.m */; };
		2929A44E14D04B360059728D /* InfHSBSupport.h in Headers */ = {isa = PBXBuildFile; fileRef = 2929A44014D04B360059728D /* InfHSBSupport.h */; };
		2929A44F14D04B360059728D /* InfHSBSupport.m in Sources */ = {isa = PBXBuildFile; fileRef = 2929A44114D04B360059728D /* InfHSBSupport.m */; };
		2929A45014D04B360059728D /* InfSourceColorView.h in Headers */ = {isa = PBXBuildFile; fileRef = 2929A44214D04B360059728D /* InfSourceColorView.h */; };
		2929A45114D04B360059728D /* InfSourceColorView.m in Sources */ = {isa = PBXBuildFile; fileRef = 2929A44314D04B360059728D /* InfSourceColorView.m */; };
		2929A45614D04C7B0059728D /* UIColor+HexCoding.h in Headers */ = {isa = PBXBuildFile; fileRef = 2929A45414D04C7B0059728D /* UIColor+HexCoding.h */; };
		2929A45714D04C7B0059728D /* UIColor+HexCoding.m in Sources */ = {isa = PBXBuildFile; fileRef = 2929A45514D04C7B0059728D /* UIColor+HexCoding.m */; };
		292DBC8114C952B300C87A70 /* jobicons.bundle in Resources */ = {isa = PBXBuildFile; fileRef = 292DBC8014C952B300C87A70 /* jobicons.bundle */; };
		292DBCAA14CA943F00C87A70 /* JPImagePickerController.h in Headers */ = {isa = PBXBuildFile; fileRef = 292DBCA014CA943F00C87A70 /* JPImagePickerController.h */; };
		292DBCAB14CA943F00C87A70 /* JPImagePickerController.m in Sources */ = {isa = PBXBuildFile; fileRef = 292DBCA114CA943F00C87A70 /* JPImagePickerController.m */; };
		292DBCAC14CA943F00C87A70 /* JPImagePickerDetailController.h in Headers */ = {isa = PBXBuildFile; fileRef = 292DBCA214CA943F00C87A70 /* JPImagePickerDetailController.h */; };
		292DBCAD14CA943F00C87A70 /* JPImagePickerDetailController.m in Sources */ = {isa = PBXBuildFile; fileRef = 292DBCA314CA943F00C87A70 /* JPImagePickerDetailController.m */; };
		292DBCAE14CA943F00C87A70 /* JPImagePickerDetailController.xib in Resources */ = {isa = PBXBuildFile; fileRef = 292DBCA414CA943F00C87A70 /* JPImagePickerDetailController.xib */; };
		292DBCAF14CA943F00C87A70 /* JPImagePickerOverviewController.h in Headers */ = {isa = PBXBuildFile; fileRef = 292DBCA514CA943F00C87A70 /* JPImagePickerOverviewController.h */; };
		292DBCB014CA943F00C87A70 /* JPImagePickerOverviewController.m in Sources */ = {isa = PBXBuildFile; fileRef = 292DBCA614CA943F00C87A70 /* JPImagePickerOverviewController.m */; };
		292DBCB114CA943F00C87A70 /* JPImagePickerOverviewController.xib in Resources */ = {isa = PBXBuildFile; fileRef = 292DBCA714CA943F00C87A70 /* JPImagePickerOverviewController.xib */; };
		292DBCB214CA943F00C87A70 /* UIImageResizing.h in Headers */ = {isa = PBXBuildFile; fileRef = 292DBCA814CA943F00C87A70 /* UIImageResizing.h */; };
		292DBCB314CA943F00C87A70 /* UIImageResizing.m in Sources */ = {isa = PBXBuildFile; fileRef = 292DBCA914CA943F00C87A70 /* UIImageResizing.m */; };
		2935514414E2BABA004D8FAC /* SSTurnShiftTVC.h in Headers */ = {isa = PBXBuildFile; fileRef = 2935514114E2BABA004D8FAC /* SSTurnShiftTVC.h */; };
		2935514514E2BABA004D8FAC /* SSTurnShiftTVC.m in Sources */ = {isa = PBXBuildFile; fileRef = 2935514214E2BABA004D8FAC /* SSTurnShiftTVC.m */; };
		2935514614E2BABA004D8FAC /* SSTurnShiftTVC.xib in Resources */ = {isa = PBXBuildFile; fileRef = 2935514314E2BABA004D8FAC /* SSTurnShiftTVC.xib */; };
		2935514814E2DDB0004D8FAC /* ProfileChangeViewController.xib in Resources */ = {isa = PBXBuildFile; fileRef = 2935514714E2DDB0004D8FAC /* ProfileChangeViewController.xib */; };
		2935514D14E2E61F004D8FAC /* SSSettingTVC.h in Headers */ = {isa = PBXBuildFile; fileRef = 2935514A14E2E61F004D8FAC /* SSSettingTVC.h */; };
		2935514E14E2E61F004D8FAC /* SSSettingTVC.m in Sources */ = {isa = PBXBuildFile; fileRef = 2935514B14E2E61F004D8FAC /* SSSettingTVC.m */; };
		2935514F14E2E61F004D8FAC /* SSSettingTVC.xib in Resources */ = {isa = PBXBuildFile; fileRef = 2935514C14E2E61F004D8FAC /* SSSettingTVC.xib */; };
		294E2902148B302700E6ED45 /* ShiftDay.h in Headers */ = {isa = PBXBuildFile; fileRef = 294E2900148B302700E6ED45 /* ShiftDay.h */; };
		294E2903148B302700E6ED45 /* ShiftDay.m in Sources */ = {isa = PBXBuildFile; fileRef = 294E2901148B302700E6ED45 /* ShiftDay.m */; };
		2987381F149917C300A2617F /* DatePickerViewController2.h in Headers */ = {isa = PBXBuildFile; fileRef = 2987381C149917C200A2617F /* DatePickerViewController2.h */; };
		29873820149917C300A2617F /* DatePickerViewController2.m in Sources */ = {isa = PBXBuildFile; fileRef = 2987381D149917C200A2617F /* DatePickerViewController2.m */; };
		29873821149917C300A2617F /* DatePickerViewController2.xib in Resources */ = {isa = PBXBuildFile; fileRef = 2987381E149917C300A2617F /* DatePickerViewController2.xib */; };
		29B9E1B61472C1D700DB2E1F /* UIKit.framework in Frameworks */ = {isa = PBXBuildFile; fileRef = 29B9E1B51472C1D700DB2E1F /* UIKit.framework */; };
		29B9E1B81472C1D700DB2E1F /* Foundation.framework in Frameworks */ = {isa = PBXBuildFile; fileRef = 29B9E1B71472C1D700DB2E1F /* Foundation.framework */; };
		29B9E1BA1472C1D700DB2E1F /* CoreGraphics.framework in Frameworks */ = {isa = PBXBuildFile; fileRef = 29B9E1B91472C1D700DB2E1F /* CoreGraphics.framework */; };
		29B9E1BC1472C1D700DB2E1F /* CoreData.framework in Frameworks */ = {isa = PBXBuildFile; fileRef = 29B9E1BB1472C1D700DB2E1F /* CoreData.framework */; };
		29B9E1C21472C1D700DB2E1F /* InfoPlist.strings in Resources */ = {isa = PBXBuildFile; fileRef = 29B9E1C01472C1D700DB2E1F /* InfoPlist.strings */; };
		29B9E1C41472C1D700DB2E1F /* main.m in Sources */ = {isa = PBXBuildFile; fileRef = 29B9E1C31472C1D700DB2E1F /* main.m */; };
		29B9E1C81472C1D700DB2E1F /* SSAppDelegate.m in Sources */ = {isa = PBXBuildFile; fileRef = 29B9E1C71472C1D700DB2E1F /* SSAppDelegate.m */; };
		29B9E1CB1472C1D700DB2E1F /* ShiftScheduler.xcdatamodeld in Sources */ = {isa = PBXBuildFile; fileRef = 29B9E1C91472C1D700DB2E1F /* ShiftScheduler.xcdatamodeld */; };
		29B9E1D41472C2B000DB2E1F /* Localizable.strings in Resources */ = {isa = PBXBuildFile; fileRef = 29B9E1D61472C2B000DB2E1F /* Localizable.strings */; };
		29B9E1EB1472C39F00DB2E1F /* OneJob.m in Sources */ = {isa = PBXBuildFile; fileRef = 29B9E1DE1472C39F00DB2E1F /* OneJob.m */; };
		29B9E1ED1472C39F00DB2E1F /* ProfileChangeViewController.m in Sources */ = {isa = PBXBuildFile; fileRef = 29B9E1E11472C39F00DB2E1F /* ProfileChangeViewController.m */; };
		29B9E1EF1472C39F00DB2E1F /* ProfilesViewController.m in Sources */ = {isa = PBXBuildFile; fileRef = 29B9E1E41472C39F00DB2E1F /* ProfilesViewController.m */; };
		29B9E1F11472C39F00DB2E1F /* WorkdayDataSource.m in Sources */ = {isa = PBXBuildFile; fileRef = 29B9E1E71472C39F00DB2E1F /* WorkdayDataSource.m */; };
		29B9E1FB1472C72000DB2E1F /* Kal.bundle in Resources */ = {isa = PBXBuildFile; fileRef = 29B9E1FA1472C72000DB2E1F /* Kal.bundle */; };
		29B9E2071472C95800DB2E1F /* libKal.a in Frameworks */ = {isa = PBXBuildFile; fileRef = 29B9E2061472C94C00DB2E1F /* libKal.a */; };
		29B9E21B1472D6FE00DB2E1F /* UIViewAdditions.m in Sources */ = {isa = PBXBuildFile; fileRef = 29B9E21A1472D6FE00DB2E1F /* UIViewAdditions.m */; };
		29DDDAC314808F94004DC703 /* NSDateAdditions.h in Headers */ = {isa = PBXBuildFile; fileRef = 29DDDAC114808F94004DC703 /* NSDateAdditions.h */; };
		29DDDAC414808F94004DC703 /* NSDateAdditions.m in Sources */ = {isa = PBXBuildFile; fileRef = 29DDDAC214808F94004DC703 /* NSDateAdditions.m */; };
		29E128C41476C861008DDB53 /* calendar-2.png in Resources */ = {isa = PBXBuildFile; fileRef = 29E128C11476C861008DDB53 /* calendar-2.png */; };
		29E128C51476C861008DDB53 /* calendar-1.png in Resources */ = {isa = PBXBuildFile; fileRef = 29E128C21476C861008DDB53 /* calendar-1.png */; };
		29E128C61476C861008DDB53 /* calendar.png in Resources */ = {isa = PBXBuildFile; fileRef = 29E128C31476C861008DDB53 /* calendar.png */; };
		29E128C81476CB53008DDB53 /* calendar-57x57.png in Resources */ = {isa = PBXBuildFile; fileRef = 29E128C71476CB53008DDB53 /* calendar-57x57.png */; };
		29E128CA1476CBCA008DDB53 /* calendar-114x114.png in Resources */ = {isa = PBXBuildFile; fileRef = 29E128C91476CBC9008DDB53 /* calendar-114x114.png */; };
		29E339D414CA955A0036EAED /* ProfileIconPickerDataSource.h in Headers */ = {isa = PBXBuildFile; fileRef = 29E339D214CA955A0036EAED /* ProfileIconPickerDataSource.h */; };
		29E339D514CA955A0036EAED /* ProfileIconPickerDataSource.m in Sources */ = {isa = PBXBuildFile; fileRef = 29E339D314CA955A0036EAED /* ProfileIconPickerDataSource.m */; };
		29ECA45114B04CFC00B3832D /* SSKalDelegate.h in Headers */ = {isa = PBXBuildFile; fileRef = 29ECA44F14B04CFC00B3832D /* SSKalDelegate.h */; };
		29ECA45214B04CFC00B3832D /* SSKalDelegate.m in Sources */ = {isa = PBXBuildFile; fileRef = 29ECA45014B04CFC00B3832D /* SSKalDelegate.m */; };
		29ECA45914B0514E00B3832D /* SenTestingKit.framework in Frameworks */ = {isa = PBXBuildFile; fileRef = 29ECA45814B0514E00B3832D /* SenTestingKit.framework */; };
		29ECA46014B0537300B3832D /* SenTestingKit.framework in Frameworks */ = {isa = PBXBuildFile; fileRef = 29ECA45814B0514E00B3832D /* SenTestingKit.framework */; };
		29ECA46114B0537300B3832D /* UIKit.framework in Frameworks */ = {isa = PBXBuildFile; fileRef = 29B9E1B51472C1D700DB2E1F /* UIKit.framework */; };
		29ECA46214B0537300B3832D /* Foundation.framework in Frameworks */ = {isa = PBXBuildFile; fileRef = 29B9E1B71472C1D700DB2E1F /* Foundation.framework */; };
		29ECA46814B0537300B3832D /* InfoPlist.strings in Resources */ = {isa = PBXBuildFile; fileRef = 29ECA46614B0537300B3832D /* InfoPlist.strings */; };
		29ECA46B14B0537300B3832D /* ShiftSchedulerTest.m in Sources */ = {isa = PBXBuildFile; fileRef = 29ECA46A14B0537300B3832D /* ShiftSchedulerTest.m */; };
		29F2147D14E66DB7008BEE92 /* UIImage+MonoImage.h in Headers */ = {isa = PBXBuildFile; fileRef = 29F2147B14E66DB7008BEE92 /* UIImage+MonoImage.h */; };
		29F2147E14E66DB7008BEE92 /* UIImage+MonoImage.m in Sources */ = {isa = PBXBuildFile; fileRef = 29F2147C14E66DB7008BEE92 /* UIImage+MonoImage.m */; };
/* End PBXBuildFile section */

/* Begin PBXContainerItemProxy section */
		29B9E2051472C94C00DB2E1F /* PBXContainerItemProxy */ = {
			isa = PBXContainerItemProxy;
			containerPortal = 29B9E1FE1472C94C00DB2E1F /* Kal.xcodeproj */;
			proxyType = 2;
			remoteGlobalIDString = D2AAC07E0554694100DB518D;
			remoteInfo = Kal;
		};
		29B9E2081472C95D00DB2E1F /* PBXContainerItemProxy */ = {
			isa = PBXContainerItemProxy;
			containerPortal = 29B9E1FE1472C94C00DB2E1F /* Kal.xcodeproj */;
			proxyType = 1;
			remoteGlobalIDString = D2AAC07D0554694100DB518D;
			remoteInfo = Kal;
		};
		29ECA47014B0539700B3832D /* PBXContainerItemProxy */ = {
			isa = PBXContainerItemProxy;
			containerPortal = 29B9E1A81472C1D700DB2E1F /* Project object */;
			proxyType = 1;
			remoteGlobalIDString = 29B9E1B01472C1D700DB2E1F;
			remoteInfo = ShiftScheduler;
		};
/* End PBXContainerItemProxy section */

/* Begin PBXFileReference section */
		2900DEC11483E44E00E588EE /* zh-Hant */ = {isa = PBXFileReference; lastKnownFileType = text.plist.strings; name = "zh-Hant"; path = "/Users/zhangjeef/Developer/ShiftScheduler2/ShiftScheduler/ShiftScheduler/zh-Hant.lproj/InfoPlist.strings"; sourceTree = "<absolute>"; };
		2900DEC21483E44E00E588EE /* zh-Hant */ = {isa = PBXFileReference; lastKnownFileType = text.plist.strings; name = "zh-Hant"; path = "/Users/zhangjeef/Developer/ShiftScheduler2/ShiftScheduler/ShiftScheduler/zh-Hant.lproj/Localizable.strings"; sourceTree = "<absolute>"; };
		2900DEC31483EEA100E588EE /* ShiftSchedulerModelBasic.xcdatamodel */ = {isa = PBXFileReference; lastKnownFileType = wrapper.xcdatamodel; path = ShiftSchedulerModelBasic.xcdatamodel; sourceTree = "<group>"; };
		290474C9148E7A4E0089A432 /* ShfitChangeList.h */ = {isa = PBXFileReference; fileEncoding = 4; lastKnownFileType = sourcecode.c.h; path = ShfitChangeList.h; sourceTree = "<group>"; };
		290474CA148E7A4E0089A432 /* ShfitChangeList.m */ = {isa = PBXFileReference; fileEncoding = 4; lastKnownFileType = sourcecode.c.objc; path = ShfitChangeList.m; sourceTree = "<group>"; };
		290474CB148E7A4E0089A432 /* ShfitChangeList.xib */ = {isa = PBXFileReference; fileEncoding = 4; lastKnownFileType = file.xib; path = ShfitChangeList.xib; sourceTree = "<group>"; };
		290474E7148FC6DA0089A432 /* ShiftPickerDataSource.h */ = {isa = PBXFileReference; fileEncoding = 4; lastKnownFileType = sourcecode.c.h; path = ShiftPickerDataSource.h; sourceTree = "<group>"; };
		290474E8148FC6DB0089A432 /* ShiftPickerDataSource.m */ = {isa = PBXFileReference; fileEncoding = 4; lastKnownFileType = sourcecode.c.objc; path = ShiftPickerDataSource.m; sourceTree = "<group>"; };
		2919033914A8CA2200EE1F32 /* ShiftChangeAddVC.h */ = {isa = PBXFileReference; fileEncoding = 4; lastKnownFileType = sourcecode.c.h; path = ShiftChangeAddVC.h; sourceTree = "<group>"; };
		2919033A14A8CA2200EE1F32 /* ShiftChangeAddVC.m */ = {isa = PBXFileReference; fileEncoding = 4; lastKnownFileType = sourcecode.c.objc; path = ShiftChangeAddVC.m; sourceTree = "<group>"; };
		2919033B14A8CA2200EE1F32 /* ShiftChangeAddVC.xib */ = {isa = PBXFileReference; fileEncoding = 4; lastKnownFileType = file.xib; path = ShiftChangeAddVC.xib; sourceTree = "<group>"; };
		2929A43614D04B360059728D /* InfColorBarPicker.h */ = {isa = PBXFileReference; fileEncoding = 4; lastKnownFileType = sourcecode.c.h; name = InfColorBarPicker.h; path = ColorPicker/InfColorPicker/InfColorBarPicker.h; sourceTree = "<group>"; };
		2929A43714D04B360059728D /* InfColorBarPicker.m */ = {isa = PBXFileReference; fileEncoding = 4; lastKnownFileType = sourcecode.c.objc; name = InfColorBarPicker.m; path = ColorPicker/InfColorPicker/InfColorBarPicker.m; sourceTree = "<group>"; };
		2929A43814D04B360059728D /* InfColorIndicatorView.h */ = {isa = PBXFileReference; fileEncoding = 4; lastKnownFileType = sourcecode.c.h; name = InfColorIndicatorView.h; path = ColorPicker/InfColorPicker/InfColorIndicatorView.h; sourceTree = "<group>"; };
		2929A43914D04B360059728D /* InfColorIndicatorView.m */ = {isa = PBXFileReference; fileEncoding = 4; lastKnownFileType = sourcecode.c.objc; name = InfColorIndicatorView.m; path = ColorPicker/InfColorPicker/InfColorIndicatorView.m; sourceTree = "<group>"; };
		2929A43A14D04B360059728D /* InfColorPicker.h */ = {isa = PBXFileReference; fileEncoding = 4; lastKnownFileType = sourcecode.c.h; name = InfColorPicker.h; path = ColorPicker/InfColorPicker/InfColorPicker.h; sourceTree = "<group>"; };
		2929A43B14D04B360059728D /* InfColorPickerController.h */ = {isa = PBXFileReference; fileEncoding = 4; lastKnownFileType = sourcecode.c.h; name = InfColorPickerController.h; path = ColorPicker/InfColorPicker/InfColorPickerController.h; sourceTree = "<group>"; };
		2929A43C14D04B360059728D /* InfColorPickerController.m */ = {isa = PBXFileReference; fileEncoding = 4; lastKnownFileType = sourcecode.c.objc; name = InfColorPickerController.m; path = ColorPicker/InfColorPicker/InfColorPickerController.m; sourceTree = "<group>"; };
		2929A43D14D04B360059728D /* InfColorPickerView.xib */ = {isa = PBXFileReference; fileEncoding = 4; lastKnownFileType = file.xib; name = InfColorPickerView.xib; path = ColorPicker/InfColorPicker/InfColorPickerView.xib; sourceTree = "<group>"; };
		2929A43E14D04B360059728D /* InfColorSquarePicker.h */ = {isa = PBXFileReference; fileEncoding = 4; lastKnownFileType = sourcecode.c.h; name = InfColorSquarePicker.h; path = ColorPicker/InfColorPicker/InfColorSquarePicker.h; sourceTree = "<group>"; };
		2929A43F14D04B360059728D /* InfColorSquarePicker.m */ = {isa = PBXFileReference; fileEncoding = 4; lastKnownFileType = sourcecode.c.objc; name = InfColorSquarePicker.m; path = ColorPicker/InfColorPicker/InfColorSquarePicker.m; sourceTree = "<group>"; };
		2929A44014D04B360059728D /* InfHSBSupport.h */ = {isa = PBXFileReference; fileEncoding = 4; lastKnownFileType = sourcecode.c.h; name = InfHSBSupport.h; path = ColorPicker/InfColorPicker/InfHSBSupport.h; sourceTree = "<group>"; };
		2929A44114D04B360059728D /* InfHSBSupport.m */ = {isa = PBXFileReference; fileEncoding = 4; lastKnownFileType = sourcecode.c.objc; name = InfHSBSupport.m; path = ColorPicker/InfColorPicker/InfHSBSupport.m; sourceTree = "<group>"; };
		2929A44214D04B360059728D /* InfSourceColorView.h */ = {isa = PBXFileReference; fileEncoding = 4; lastKnownFileType = sourcecode.c.h; name = InfSourceColorView.h; path = ColorPicker/InfColorPicker/InfSourceColorView.h; sourceTree = "<group>"; };
		2929A44314D04B360059728D /* InfSourceColorView.m */ = {isa = PBXFileReference; fileEncoding = 4; lastKnownFileType = sourcecode.c.objc; name = InfSourceColorView.m; path = ColorPicker/InfColorPicker/InfSourceColorView.m; sourceTree = "<group>"; };
		2929A45414D04C7B0059728D /* UIColor+HexCoding.h */ = {isa = PBXFileReference; fileEncoding = 4; lastKnownFileType = sourcecode.c.h; name = "UIColor+HexCoding.h"; path = "../UIColor+HexCoding.h"; sourceTree = "<group>"; };
		2929A45514D04C7B0059728D /* UIColor+HexCoding.m */ = {isa = PBXFileReference; fileEncoding = 4; lastKnownFileType = sourcecode.c.objc; name = "UIColor+HexCoding.m"; path = "../UIColor+HexCoding.m"; sourceTree = "<group>"; };
		292DBC8014C952B300C87A70 /* jobicons.bundle */ = {isa = PBXFileReference; lastKnownFileType = "wrapper.plug-in"; path = jobicons.bundle; sourceTree = "<group>"; };
		292DBCA014CA943F00C87A70 /* JPImagePickerController.h */ = {isa = PBXFileReference; fileEncoding = 4; lastKnownFileType = sourcecode.c.h; name = JPImagePickerController.h; path = JPImagePicker/JPImagePickerController.h; sourceTree = "<group>"; };
		292DBCA114CA943F00C87A70 /* JPImagePickerController.m */ = {isa = PBXFileReference; fileEncoding = 4; lastKnownFileType = sourcecode.c.objc; name = JPImagePickerController.m; path = JPImagePicker/JPImagePickerController.m; sourceTree = "<group>"; };
		292DBCA214CA943F00C87A70 /* JPImagePickerDetailController.h */ = {isa = PBXFileReference; fileEncoding = 4; lastKnownFileType = sourcecode.c.h; name = JPImagePickerDetailController.h; path = JPImagePicker/JPImagePickerDetailController.h; sourceTree = "<group>"; };
		292DBCA314CA943F00C87A70 /* JPImagePickerDetailController.m */ = {isa = PBXFileReference; fileEncoding = 4; lastKnownFileType = sourcecode.c.objc; name = JPImagePickerDetailController.m; path = JPImagePicker/JPImagePickerDetailController.m; sourceTree = "<group>"; };
		292DBCA414CA943F00C87A70 /* JPImagePickerDetailController.xib */ = {isa = PBXFileReference; fileEncoding = 4; lastKnownFileType = file.xib; name = JPImagePickerDetailController.xib; path = JPImagePicker/JPImagePickerDetailController.xib; sourceTree = "<group>"; };
		292DBCA514CA943F00C87A70 /* JPImagePickerOverviewController.h */ = {isa = PBXFileReference; fileEncoding = 4; lastKnownFileType = sourcecode.c.h; name = JPImagePickerOverviewController.h; path = JPImagePicker/JPImagePickerOverviewController.h; sourceTree = "<group>"; };
		292DBCA614CA943F00C87A70 /* JPImagePickerOverviewController.m */ = {isa = PBXFileReference; fileEncoding = 4; lastKnownFileType = sourcecode.c.objc; name = JPImagePickerOverviewController.m; path = JPImagePicker/JPImagePickerOverviewController.m; sourceTree = "<group>"; };
		292DBCA714CA943F00C87A70 /* JPImagePickerOverviewController.xib */ = {isa = PBXFileReference; fileEncoding = 4; lastKnownFileType = file.xib; name = JPImagePickerOverviewController.xib; path = JPImagePicker/JPImagePickerOverviewController.xib; sourceTree = "<group>"; };
		292DBCA814CA943F00C87A70 /* UIImageResizing.h */ = {isa = PBXFileReference; fileEncoding = 4; lastKnownFileType = sourcecode.c.h; name = UIImageResizing.h; path = JPImagePicker/UIImageResizing.h; sourceTree = "<group>"; };
		292DBCA914CA943F00C87A70 /* UIImageResizing.m */ = {isa = PBXFileReference; fileEncoding = 4; lastKnownFileType = sourcecode.c.objc; name = UIImageResizing.m; path = JPImagePicker/UIImageResizing.m; sourceTree = "<group>"; };
		2932F71514B2237E00BE7A9E /* ja */ = {isa = PBXFileReference; lastKnownFileType = text.plist.strings; name = ja; path = /Users/zhangjeef/Developer/ShiftScheduler2/ShiftScheduler/ShiftSchedulerTest/ja.lproj/InfoPlist.strings; sourceTree = "<absolute>"; };
		2932F71614B2237E00BE7A9E /* ja */ = {isa = PBXFileReference; lastKnownFileType = text.plist.strings; name = ja; path = /Users/zhangjeef/Developer/ShiftScheduler2/ShiftScheduler/ShiftScheduler/ja.lproj/InfoPlist.strings; sourceTree = "<absolute>"; };
		2932F71714B2237E00BE7A9E /* ja */ = {isa = PBXFileReference; lastKnownFileType = text.plist.strings; name = ja; path = /Users/zhangjeef/Developer/ShiftScheduler2/ShiftScheduler/ShiftScheduler/ja.lproj/Localizable.strings; sourceTree = "<absolute>"; };
		2935514114E2BABA004D8FAC /* SSTurnShiftTVC.h */ = {isa = PBXFileReference; fileEncoding = 4; lastKnownFileType = sourcecode.c.h; path = SSTurnShiftTVC.h; sourceTree = "<group>"; };
		2935514214E2BABA004D8FAC /* SSTurnShiftTVC.m */ = {isa = PBXFileReference; fileEncoding = 4; lastKnownFileType = sourcecode.c.objc; path = SSTurnShiftTVC.m; sourceTree = "<group>"; };
		2935514314E2BABA004D8FAC /* SSTurnShiftTVC.xib */ = {isa = PBXFileReference; fileEncoding = 4; lastKnownFileType = file.xib; path = SSTurnShiftTVC.xib; sourceTree = "<group>"; };
		2935514714E2DDB0004D8FAC /* ProfileChangeViewController.xib */ = {isa = PBXFileReference; fileEncoding = 4; lastKnownFileType = file.xib; path = ProfileChangeViewController.xib; sourceTree = "<group>"; };
		2935514A14E2E61F004D8FAC /* SSSettingTVC.h */ = {isa = PBXFileReference; fileEncoding = 4; lastKnownFileType = sourcecode.c.h; path = SSSettingTVC.h; sourceTree = "<group>"; };
		2935514B14E2E61F004D8FAC /* SSSettingTVC.m */ = {isa = PBXFileReference; fileEncoding = 4; lastKnownFileType = sourcecode.c.objc; path = SSSettingTVC.m; sourceTree = "<group>"; };
		2935514C14E2E61F004D8FAC /* SSSettingTVC.xib */ = {isa = PBXFileReference; fileEncoding = 4; lastKnownFileType = file.xib; path = SSSettingTVC.xib; sourceTree = "<group>"; };
		294E28FF148B2F3A00E6ED45 /* ShiftScheduler 2.xcdatamodel */ = {isa = PBXFileReference; lastKnownFileType = wrapper.xcdatamodel; path = "ShiftScheduler 2.xcdatamodel"; sourceTree = "<group>"; };
		294E2900148B302700E6ED45 /* ShiftDay.h */ = {isa = PBXFileReference; fileEncoding = 4; lastKnownFileType = sourcecode.c.h; path = ShiftDay.h; sourceTree = "<group>"; };
		294E2901148B302700E6ED45 /* ShiftDay.m */ = {isa = PBXFileReference; fileEncoding = 4; lastKnownFileType = sourcecode.c.objc; path = ShiftDay.m; sourceTree = "<group>"; };
		2987381C149917C200A2617F /* DatePickerViewController2.h */ = {isa = PBXFileReference; fileEncoding = 4; lastKnownFileType = sourcecode.c.h; path = DatePickerViewController2.h; sourceTree = "<group>"; };
		2987381D149917C200A2617F /* DatePickerViewController2.m */ = {isa = PBXFileReference; fileEncoding = 4; lastKnownFileType = sourcecode.c.objc; path = DatePickerViewController2.m; sourceTree = "<group>"; };
		2987381E149917C300A2617F /* DatePickerViewController2.xib */ = {isa = PBXFileReference; fileEncoding = 4; lastKnownFileType = file.xib; path = DatePickerViewController2.xib; sourceTree = "<group>"; };
		29B9E1B11472C1D700DB2E1F /* ShiftScheduler.app */ = {isa = PBXFileReference; explicitFileType = wrapper.application; includeInIndex = 0; path = ShiftScheduler.app; sourceTree = BUILT_PRODUCTS_DIR; };
		29B9E1B51472C1D700DB2E1F /* UIKit.framework */ = {isa = PBXFileReference; lastKnownFileType = wrapper.framework; name = UIKit.framework; path = System/Library/Frameworks/UIKit.framework; sourceTree = SDKROOT; };
		29B9E1B71472C1D700DB2E1F /* Foundation.framework */ = {isa = PBXFileReference; lastKnownFileType = wrapper.framework; name = Foundation.framework; path = System/Library/Frameworks/Foundation.framework; sourceTree = SDKROOT; };
		29B9E1B91472C1D700DB2E1F /* CoreGraphics.framework */ = {isa = PBXFileReference; lastKnownFileType = wrapper.framework; name = CoreGraphics.framework; path = System/Library/Frameworks/CoreGraphics.framework; sourceTree = SDKROOT; };
		29B9E1BB1472C1D700DB2E1F /* CoreData.framework */ = {isa = PBXFileReference; lastKnownFileType = wrapper.framework; name = CoreData.framework; path = System/Library/Frameworks/CoreData.framework; sourceTree = SDKROOT; };
		29B9E1BF1472C1D700DB2E1F /* ShiftScheduler-Info.plist */ = {isa = PBXFileReference; lastKnownFileType = text.plist.xml; path = "ShiftScheduler-Info.plist"; sourceTree = "<group>"; };
		29B9E1C11472C1D700DB2E1F /* en */ = {isa = PBXFileReference; lastKnownFileType = text.plist.strings; name = en; path = en.lproj/InfoPlist.strings; sourceTree = "<group>"; };
		29B9E1C31472C1D700DB2E1F /* main.m */ = {isa = PBXFileReference; lastKnownFileType = sourcecode.c.objc; path = main.m; sourceTree = "<group>"; };
		29B9E1C51472C1D700DB2E1F /* ShiftScheduler-Prefix.pch */ = {isa = PBXFileReference; lastKnownFileType = sourcecode.c.h; path = "ShiftScheduler-Prefix.pch"; sourceTree = "<group>"; };
		29B9E1C61472C1D700DB2E1F /* SSAppDelegate.h */ = {isa = PBXFileReference; lastKnownFileType = sourcecode.c.h; path = SSAppDelegate.h; sourceTree = "<group>"; };
		29B9E1C71472C1D700DB2E1F /* SSAppDelegate.m */ = {isa = PBXFileReference; lastKnownFileType = sourcecode.c.objc; path = SSAppDelegate.m; sourceTree = "<group>"; };
		29B9E1CA1472C1D700DB2E1F /* ShiftScheduler.xcdatamodel */ = {isa = PBXFileReference; lastKnownFileType = wrapper.xcdatamodel; path = ShiftScheduler.xcdatamodel; sourceTree = "<group>"; };
		29B9E1D31472C2A800DB2E1F /* zh-Hans */ = {isa = PBXFileReference; lastKnownFileType = text.plist.strings; name = "zh-Hans"; path = "/Users/zhangjeef/Developer/ShiftScheduler2/ShiftScheduler/ShiftScheduler/zh-Hans.lproj/InfoPlist.strings"; sourceTree = "<absolute>"; };
		29B9E1D51472C2B000DB2E1F /* en */ = {isa = PBXFileReference; lastKnownFileType = text.plist.strings; name = en; path = en.lproj/Localizable.strings; sourceTree = "<group>"; };
		29B9E1D71472C2B600DB2E1F /* zh-Hans */ = {isa = PBXFileReference; lastKnownFileType = text.plist.strings; name = "zh-Hans"; path = "zh-Hans.lproj/Localizable.strings"; sourceTree = "<group>"; };
		29B9E1DD1472C39F00DB2E1F /* OneJob.h */ = {isa = PBXFileReference; fileEncoding = 4; lastKnownFileType = sourcecode.c.h; path = OneJob.h; sourceTree = "<group>"; };
		29B9E1DE1472C39F00DB2E1F /* OneJob.m */ = {isa = PBXFileReference; fileEncoding = 4; lastKnownFileType = sourcecode.c.objc; path = OneJob.m; sourceTree = "<group>"; };
		29B9E1E01472C39F00DB2E1F /* ProfileChangeViewController.h */ = {isa = PBXFileReference; fileEncoding = 4; lastKnownFileType = sourcecode.c.h; path = ProfileChangeViewController.h; sourceTree = "<group>"; };
		29B9E1E11472C39F00DB2E1F /* ProfileChangeViewController.m */ = {isa = PBXFileReference; fileEncoding = 4; lastKnownFileType = sourcecode.c.objc; path = ProfileChangeViewController.m; sourceTree = "<group>"; };
		29B9E1E31472C39F00DB2E1F /* ProfilesViewController.h */ = {isa = PBXFileReference; fileEncoding = 4; lastKnownFileType = sourcecode.c.h; path = ProfilesViewController.h; sourceTree = "<group>"; };
		29B9E1E41472C39F00DB2E1F /* ProfilesViewController.m */ = {isa = PBXFileReference; fileEncoding = 4; lastKnownFileType = sourcecode.c.objc; path = ProfilesViewController.m; sourceTree = "<group>"; };
		29B9E1E61472C39F00DB2E1F /* WorkdayDataSource.h */ = {isa = PBXFileReference; fileEncoding = 4; lastKnownFileType = sourcecode.c.h; path = WorkdayDataSource.h; sourceTree = "<group>"; };
		29B9E1E71472C39F00DB2E1F /* WorkdayDataSource.m */ = {isa = PBXFileReference; fileEncoding = 4; lastKnownFileType = sourcecode.c.objc; path = WorkdayDataSource.m; sourceTree = "<group>"; };
		29B9E1FA1472C72000DB2E1F /* Kal.bundle */ = {isa = PBXFileReference; lastKnownFileType = "wrapper.plug-in"; name = Kal.bundle; path = ../../Kal/src/Kal.bundle; sourceTree = "<group>"; };
		29B9E1FE1472C94C00DB2E1F /* Kal.xcodeproj */ = {isa = PBXFileReference; lastKnownFileType = "wrapper.pb-project"; name = Kal.xcodeproj; path = ../../Kal/src/Kal.xcodeproj; sourceTree = "<group>"; };
		29B9E2191472D6FD00DB2E1F /* UIViewAdditions.h */ = {isa = PBXFileReference; fileEncoding = 4; lastKnownFileType = sourcecode.c.h; name = UIViewAdditions.h; path = ../../Kal/src/UIViewAdditions.h; sourceTree = "<group>"; };
		29B9E21A1472D6FE00DB2E1F /* UIViewAdditions.m */ = {isa = PBXFileReference; fileEncoding = 4; lastKnownFileType = sourcecode.c.objc; name = UIViewAdditions.m; path = ../../Kal/src/UIViewAdditions.m; sourceTree = "<group>"; };
		29DDDAC114808F94004DC703 /* NSDateAdditions.h */ = {isa = PBXFileReference; fileEncoding = 4; lastKnownFileType = sourcecode.c.h; path = NSDateAdditions.h; sourceTree = "<group>"; };
		29DDDAC214808F94004DC703 /* NSDateAdditions.m */ = {isa = PBXFileReference; fileEncoding = 4; lastKnownFileType = sourcecode.c.objc; path = NSDateAdditions.m; sourceTree = "<group>"; };
		29E128C11476C861008DDB53 /* calendar-2.png */ = {isa = PBXFileReference; lastKnownFileType = image.png; path = "calendar-2.png"; sourceTree = "<group>"; };
		29E128C21476C861008DDB53 /* calendar-1.png */ = {isa = PBXFileReference; lastKnownFileType = image.png; path = "calendar-1.png"; sourceTree = "<group>"; };
		29E128C31476C861008DDB53 /* calendar.png */ = {isa = PBXFileReference; lastKnownFileType = image.png; path = calendar.png; sourceTree = "<group>"; };
		29E128C71476CB53008DDB53 /* calendar-57x57.png */ = {isa = PBXFileReference; lastKnownFileType = image.png; name = "calendar-57x57.png"; path = "../calendar-57x57.png"; sourceTree = "<group>"; };
		29E128C91476CBC9008DDB53 /* calendar-114x114.png */ = {isa = PBXFileReference; lastKnownFileType = image.png; name = "calendar-114x114.png"; path = "../calendar-114x114.png"; sourceTree = "<group>"; };
		29E128CB1476D408008DDB53 /* KalViewController.h */ = {isa = PBXFileReference; fileEncoding = 4; lastKnownFileType = sourcecode.c.h; name = KalViewController.h; path = ../../Kal/src/KalViewController.h; sourceTree = "<group>"; };
		29E128CC1476D431008DDB53 /* Kal.h */ = {isa = PBXFileReference; fileEncoding = 4; lastKnownFileType = sourcecode.c.h; name = Kal.h; path = ../../Kal/src/Kal.h; sourceTree = "<group>"; };
		29E339D214CA955A0036EAED /* ProfileIconPickerDataSource.h */ = {isa = PBXFileReference; fileEncoding = 4; lastKnownFileType = sourcecode.c.h; path = ProfileIconPickerDataSource.h; sourceTree = "<group>"; };
		29E339D314CA955A0036EAED /* ProfileIconPickerDataSource.m */ = {isa = PBXFileReference; fileEncoding = 4; lastKnownFileType = sourcecode.c.objc; path = ProfileIconPickerDataSource.m; sourceTree = "<group>"; };
		29ECA44F14B04CFC00B3832D /* SSKalDelegate.h */ = {isa = PBXFileReference; fileEncoding = 4; lastKnownFileType = sourcecode.c.h; path = SSKalDelegate.h; sourceTree = "<group>"; };
		29ECA45014B04CFC00B3832D /* SSKalDelegate.m */ = {isa = PBXFileReference; fileEncoding = 4; lastKnownFileType = sourcecode.c.objc; path = SSKalDelegate.m; sourceTree = "<group>"; };
		29ECA45814B0514E00B3832D /* SenTestingKit.framework */ = {isa = PBXFileReference; lastKnownFileType = wrapper.framework; name = SenTestingKit.framework; path = Library/Frameworks/SenTestingKit.framework; sourceTree = DEVELOPER_DIR; };
		29ECA45F14B0537300B3832D /* ShiftSchedulerTest.octest */ = {isa = PBXFileReference; explicitFileType = wrapper.cfbundle; includeInIndex = 0; path = ShiftSchedulerTest.octest; sourceTree = BUILT_PRODUCTS_DIR; };
		29ECA46514B0537300B3832D /* ShiftSchedulerTest-Info.plist */ = {isa = PBXFileReference; lastKnownFileType = text.plist.xml; path = "ShiftSchedulerTest-Info.plist"; sourceTree = "<group>"; };
		29ECA46714B0537300B3832D /* en */ = {isa = PBXFileReference; lastKnownFileType = text.plist.strings; name = en; path = en.lproj/InfoPlist.strings; sourceTree = "<group>"; };
		29ECA46914B0537300B3832D /* ShiftSchedulerTest.h */ = {isa = PBXFileReference; lastKnownFileType = sourcecode.c.h; path = ShiftSchedulerTest.h; sourceTree = "<group>"; };
		29ECA46A14B0537300B3832D /* ShiftSchedulerTest.m */ = {isa = PBXFileReference; lastKnownFileType = sourcecode.c.objc; path = ShiftSchedulerTest.m; sourceTree = "<group>"; };
		29ECA46C14B0537300B3832D /* ShiftSchedulerTest-Prefix.pch */ = {isa = PBXFileReference; lastKnownFileType = sourcecode.c.h; path = "ShiftSchedulerTest-Prefix.pch"; sourceTree = "<group>"; };
		29F2147B14E66DB7008BEE92 /* UIImage+MonoImage.h */ = {isa = PBXFileReference; fileEncoding = 4; lastKnownFileType = sourcecode.c.h; path = "UIImage+MonoImage.h"; sourceTree = "<group>"; };
		29F2147C14E66DB7008BEE92 /* UIImage+MonoImage.m */ = {isa = PBXFileReference; fileEncoding = 4; lastKnownFileType = sourcecode.c.objc; path = "UIImage+MonoImage.m"; sourceTree = "<group>"; };
		29F2147F14E68A9B008BEE92 /* ShiftScheduler 3.xcdatamodel */ = {isa = PBXFileReference; lastKnownFileType = wrapper.xcdatamodel; path = "ShiftScheduler 3.xcdatamodel"; sourceTree = "<group>"; };
/* End PBXFileReference section */

/* Begin PBXFrameworksBuildPhase section */
		29B9E1AE1472C1D700DB2E1F /* Frameworks */ = {
			isa = PBXFrameworksBuildPhase;
			buildActionMask = 2147483647;
			files = (
				29ECA45914B0514E00B3832D /* SenTestingKit.framework in Frameworks */,
				29B9E2071472C95800DB2E1F /* libKal.a in Frameworks */,
				29B9E1B61472C1D700DB2E1F /* UIKit.framework in Frameworks */,
				29B9E1B81472C1D700DB2E1F /* Foundation.framework in Frameworks */,
				29B9E1BA1472C1D700DB2E1F /* CoreGraphics.framework in Frameworks */,
				29B9E1BC1472C1D700DB2E1F /* CoreData.framework in Frameworks */,
			);
			runOnlyForDeploymentPostprocessing = 0;
		};
		29ECA45B14B0537300B3832D /* Frameworks */ = {
			isa = PBXFrameworksBuildPhase;
			buildActionMask = 2147483647;
			files = (
				29ECA46014B0537300B3832D /* SenTestingKit.framework in Frameworks */,
				29ECA46114B0537300B3832D /* UIKit.framework in Frameworks */,
				29ECA46214B0537300B3832D /* Foundation.framework in Frameworks */,
			);
			runOnlyForDeploymentPostprocessing = 0;
		};
/* End PBXFrameworksBuildPhase section */

/* Begin PBXGroup section */
		29057D1D14D0477C00155E12 /* Color Picker */ = {
			isa = PBXGroup;
			children = (
				2929A43614D04B360059728D /* InfColorBarPicker.h */,
				2929A43714D04B360059728D /* InfColorBarPicker.m */,
				2929A43814D04B360059728D /* InfColorIndicatorView.h */,
				2929A43914D04B360059728D /* InfColorIndicatorView.m */,
				2929A43A14D04B360059728D /* InfColorPicker.h */,
				2929A43B14D04B360059728D /* InfColorPickerController.h */,
				2929A43C14D04B360059728D /* InfColorPickerController.m */,
				2929A43D14D04B360059728D /* InfColorPickerView.xib */,
				2929A43E14D04B360059728D /* InfColorSquarePicker.h */,
				2929A43F14D04B360059728D /* InfColorSquarePicker.m */,
				2929A44014D04B360059728D /* InfHSBSupport.h */,
				2929A44114D04B360059728D /* InfHSBSupport.m */,
				2929A44214D04B360059728D /* InfSourceColorView.h */,
				2929A44314D04B360059728D /* InfSourceColorView.m */,
			);
			name = "Color Picker";
			sourceTree = "<group>";
		};
		292DBC8A14CA931800C87A70 /* JPImagePicker */ = {
			isa = PBXGroup;
			children = (
				292DBCA014CA943F00C87A70 /* JPImagePickerController.h */,
				292DBCA114CA943F00C87A70 /* JPImagePickerController.m */,
				292DBCA214CA943F00C87A70 /* JPImagePickerDetailController.h */,
				292DBCA314CA943F00C87A70 /* JPImagePickerDetailController.m */,
				292DBCA414CA943F00C87A70 /* JPImagePickerDetailController.xib */,
				292DBCA514CA943F00C87A70 /* JPImagePickerOverviewController.h */,
				292DBCA614CA943F00C87A70 /* JPImagePickerOverviewController.m */,
				292DBCA714CA943F00C87A70 /* JPImagePickerOverviewController.xib */,
				292DBCA814CA943F00C87A70 /* UIImageResizing.h */,
				292DBCA914CA943F00C87A70 /* UIImageResizing.m */,
			);
			name = JPImagePicker;
			sourceTree = "<group>";
		};
		2935514914E2E5EB004D8FAC /* SettingView */ = {
			isa = PBXGroup;
			children = (
				2935514A14E2E61F004D8FAC /* SSSettingTVC.h */,
				2935514B14E2E61F004D8FAC /* SSSettingTVC.m */,
				2935514C14E2E61F004D8FAC /* SSSettingTVC.xib */,
			);
			name = SettingView;
			sourceTree = "<group>";
		};
		293994B5147D25D30007320C /* Module */ = {
			isa = PBXGroup;
			children = (
				29B9E1C91472C1D700DB2E1F /* ShiftScheduler.xcdatamodeld */,
				29B9E1E61472C39F00DB2E1F /* WorkdayDataSource.h */,
				29B9E1E71472C39F00DB2E1F /* WorkdayDataSource.m */,
				294E2900148B302700E6ED45 /* ShiftDay.h */,
				294E2901148B302700E6ED45 /* ShiftDay.m */,
				29ECA44F14B04CFC00B3832D /* SSKalDelegate.h */,
				29ECA45014B04CFC00B3832D /* SSKalDelegate.m */,
				29B9E1DD1472C39F00DB2E1F /* OneJob.h */,
				29B9E1DE1472C39F00DB2E1F /* OneJob.m */,
				29F2147B14E66DB7008BEE92 /* UIImage+MonoImage.h */,
				29F2147C14E66DB7008BEE92 /* UIImage+MonoImage.m */,
			);
			name = Module;
			path = ShiftScheduler;
			sourceTree = "<group>";
		};
		298B0167148B941900C013F5 /* Compile Need files */ = {
			isa = PBXGroup;
			children = (
				29E128CB1476D408008DDB53 /* KalViewController.h */,
				29E128CC1476D431008DDB53 /* Kal.h */,
				29B9E2191472D6FD00DB2E1F /* UIViewAdditions.h */,
				29B9E21A1472D6FE00DB2E1F /* UIViewAdditions.m */,
				29DDDAC114808F94004DC703 /* NSDateAdditions.h */,
				29DDDAC214808F94004DC703 /* NSDateAdditions.m */,
			);
			name = "Compile Need files";
			path = ..;
			sourceTree = "<group>";
		};
		298B0168148B946500C013F5 /* ChangeShiftView */ = {
			isa = PBXGroup;
			children = (
				290474C9148E7A4E0089A432 /* ShfitChangeList.h */,
				290474CA148E7A4E0089A432 /* ShfitChangeList.m */,
				290474CB148E7A4E0089A432 /* ShfitChangeList.xib */,
				2919033914A8CA2200EE1F32 /* ShiftChangeAddVC.h */,
				2919033A14A8CA2200EE1F32 /* ShiftChangeAddVC.m */,
				2919033B14A8CA2200EE1F32 /* ShiftChangeAddVC.xib */,
				290474E7148FC6DA0089A432 /* ShiftPickerDataSource.h */,
				290474E8148FC6DB0089A432 /* ShiftPickerDataSource.m */,
				2987381C149917C200A2617F /* DatePickerViewController2.h */,
				2987381D149917C200A2617F /* DatePickerViewController2.m */,
				2987381E149917C300A2617F /* DatePickerViewController2.xib */,
			);
			name = ChangeShiftView;
			sourceTree = "<group>";
		};
		299D8D0D147948B900E20DAE /* ProfileView */ = {
			isa = PBXGroup;
			children = (
				29057D1D14D0477C00155E12 /* Color Picker */,
				292DBC8A14CA931800C87A70 /* JPImagePicker */,
				29E339D214CA955A0036EAED /* ProfileIconPickerDataSource.h */,
				29E339D314CA955A0036EAED /* ProfileIconPickerDataSource.m */,
				29B9E1E01472C39F00DB2E1F /* ProfileChangeViewController.h */,
				2935514714E2DDB0004D8FAC /* ProfileChangeViewController.xib */,
				29B9E1E11472C39F00DB2E1F /* ProfileChangeViewController.m */,
				2935514114E2BABA004D8FAC /* SSTurnShiftTVC.h */,
				2935514214E2BABA004D8FAC /* SSTurnShiftTVC.m */,
				2935514314E2BABA004D8FAC /* SSTurnShiftTVC.xib */,
				29B9E1E31472C39F00DB2E1F /* ProfilesViewController.h */,
				29B9E1E41472C39F00DB2E1F /* ProfilesViewController.m */,
			);
			name = ProfileView;
			path = ShiftScheduler;
			sourceTree = "<group>";
		};
		29B9E1A61472C1D700DB2E1F = {
			isa = PBXGroup;
			children = (
				29B9E1BD1472C1D700DB2E1F /* ShiftScheduler */,
				293994B5147D25D30007320C /* Module */,
				2935514914E2E5EB004D8FAC /* SettingView */,
				299D8D0D147948B900E20DAE /* ProfileView */,
				298B0168148B946500C013F5 /* ChangeShiftView */,
				29B9E1FA1472C72000DB2E1F /* Kal.bundle */,
				29ECA46314B0537300B3832D /* ShiftSchedulerTest */,
				29B9E1B41472C1D700DB2E1F /* Frameworks */,
				29B9E1B21472C1D700DB2E1F /* Products */,
				29B9E1FE1472C94C00DB2E1F /* Kal.xcodeproj */,
			);
			sourceTree = "<group>";
		};
		29B9E1B21472C1D700DB2E1F /* Products */ = {
			isa = PBXGroup;
			children = (
				29B9E1B11472C1D700DB2E1F /* ShiftScheduler.app */,
				29ECA45F14B0537300B3832D /* ShiftSchedulerTest.octest */,
			);
			name = Products;
			sourceTree = "<group>";
		};
		29B9E1B41472C1D700DB2E1F /* Frameworks */ = {
			isa = PBXGroup;
			children = (
				29ECA45814B0514E00B3832D /* SenTestingKit.framework */,
				29B9E1B51472C1D700DB2E1F /* UIKit.framework */,
				29B9E1B71472C1D700DB2E1F /* Foundation.framework */,
				29B9E1B91472C1D700DB2E1F /* CoreGraphics.framework */,
				29B9E1BB1472C1D700DB2E1F /* CoreData.framework */,
			);
			name = Frameworks;
			sourceTree = "<group>";
		};
		29B9E1BD1472C1D700DB2E1F /* ShiftScheduler */ = {
			isa = PBXGroup;
			children = (
				2929A45414D04C7B0059728D /* UIColor+HexCoding.h */,
				2929A45514D04C7B0059728D /* UIColor+HexCoding.m */,
				292DBC8014C952B300C87A70 /* jobicons.bundle */,
				298B0167148B941900C013F5 /* Compile Need files */,
				29B9E1C61472C1D700DB2E1F /* SSAppDelegate.h */,
				29B9E1C71472C1D700DB2E1F /* SSAppDelegate.m */,
				29B9E1BE1472C1D700DB2E1F /* Supporting Files */,
			);
			path = ShiftScheduler;
			sourceTree = "<group>";
		};
		29B9E1BE1472C1D700DB2E1F /* Supporting Files */ = {
			isa = PBXGroup;
			children = (
				29E128C91476CBC9008DDB53 /* calendar-114x114.png */,
				29E128C71476CB53008DDB53 /* calendar-57x57.png */,
				29E128C11476C861008DDB53 /* calendar-2.png */,
				29E128C21476C861008DDB53 /* calendar-1.png */,
				29E128C31476C861008DDB53 /* calendar.png */,
				29B9E1D61472C2B000DB2E1F /* Localizable.strings */,
				29B9E1BF1472C1D700DB2E1F /* ShiftScheduler-Info.plist */,
				29B9E1C01472C1D700DB2E1F /* InfoPlist.strings */,
				29B9E1C31472C1D700DB2E1F /* main.m */,
				29B9E1C51472C1D700DB2E1F /* ShiftScheduler-Prefix.pch */,
			);
			name = "Supporting Files";
			sourceTree = "<group>";
		};
		29B9E1FF1472C94C00DB2E1F /* Products */ = {
			isa = PBXGroup;
			children = (
				29B9E2061472C94C00DB2E1F /* libKal.a */,
			);
			name = Products;
			sourceTree = "<group>";
		};
		29ECA46314B0537300B3832D /* ShiftSchedulerTest */ = {
			isa = PBXGroup;
			children = (
				29ECA46914B0537300B3832D /* ShiftSchedulerTest.h */,
				29ECA46A14B0537300B3832D /* ShiftSchedulerTest.m */,
				29ECA46414B0537300B3832D /* Supporting Files */,
			);
			path = ShiftSchedulerTest;
			sourceTree = "<group>";
		};
		29ECA46414B0537300B3832D /* Supporting Files */ = {
			isa = PBXGroup;
			children = (
				29ECA46514B0537300B3832D /* ShiftSchedulerTest-Info.plist */,
				29ECA46614B0537300B3832D /* InfoPlist.strings */,
				29ECA46C14B0537300B3832D /* ShiftSchedulerTest-Prefix.pch */,
			);
			name = "Supporting Files";
			sourceTree = "<group>";
		};
/* End PBXGroup section */

/* Begin PBXHeadersBuildPhase section */
		29E128CD1476DA7F008DDB53 /* Headers */ = {
			isa = PBXHeadersBuildPhase;
			buildActionMask = 2147483647;
			files = (
				29DDDAC314808F94004DC703 /* NSDateAdditions.h in Headers */,
				294E2902148B302700E6ED45 /* ShiftDay.h in Headers */,
				290474E9148FC6DB0089A432 /* ShiftPickerDataSource.h in Headers */,
				2987381F149917C300A2617F /* DatePickerViewController2.h in Headers */,
				2919033C14A8CA2200EE1F32 /* ShiftChangeAddVC.h in Headers */,
				29ECA45114B04CFC00B3832D /* SSKalDelegate.h in Headers */,
				292DBCAA14CA943F00C87A70 /* JPImagePickerController.h in Headers */,
				292DBCAC14CA943F00C87A70 /* JPImagePickerDetailController.h in Headers */,
				292DBCAF14CA943F00C87A70 /* JPImagePickerOverviewController.h in Headers */,
				292DBCB214CA943F00C87A70 /* UIImageResizing.h in Headers */,
				29E339D414CA955A0036EAED /* ProfileIconPickerDataSource.h in Headers */,
				2929A44414D04B360059728D /* InfColorBarPicker.h in Headers */,
				2929A44614D04B360059728D /* InfColorIndicatorView.h in Headers */,
				2929A44814D04B360059728D /* InfColorPicker.h in Headers */,
				2929A44914D04B360059728D /* InfColorPickerController.h in Headers */,
				2929A44C14D04B360059728D /* InfColorSquarePicker.h in Headers */,
				2929A44E14D04B360059728D /* InfHSBSupport.h in Headers */,
				2929A45014D04B360059728D /* InfSourceColorView.h in Headers */,
				2929A45614D04C7B0059728D /* UIColor+HexCoding.h in Headers */,
				2935514414E2BABA004D8FAC /* SSTurnShiftTVC.h in Headers */,
				2935514D14E2E61F004D8FAC /* SSSettingTVC.h in Headers */,
				29F2147D14E66DB7008BEE92 /* UIImage+MonoImage.h in Headers */,
			);
			runOnlyForDeploymentPostprocessing = 0;
		};
/* End PBXHeadersBuildPhase section */

/* Begin PBXNativeTarget section */
		29B9E1B01472C1D700DB2E1F /* ShiftScheduler */ = {
			isa = PBXNativeTarget;
			buildConfigurationList = 29B9E1CE1472C1D700DB2E1F /* Build configuration list for PBXNativeTarget "ShiftScheduler" */;
			buildPhases = (
				29B9E1AE1472C1D700DB2E1F /* Frameworks */,
				29B9E1AD1472C1D700DB2E1F /* Sources */,
				29B9E1AF1472C1D700DB2E1F /* Resources */,
				29E128CD1476DA7F008DDB53 /* Headers */,
			);
			buildRules = (
			);
			dependencies = (
				29B9E2091472C95D00DB2E1F /* PBXTargetDependency */,
			);
			name = ShiftScheduler;
			productName = ShiftScheduler;
			productReference = 29B9E1B11472C1D700DB2E1F /* ShiftScheduler.app */;
			productType = "com.apple.product-type.application";
		};
		29ECA45E14B0537300B3832D /* ShiftSchedulerTest */ = {
			isa = PBXNativeTarget;
			buildConfigurationList = 29ECA46D14B0537300B3832D /* Build configuration list for PBXNativeTarget "ShiftSchedulerTest" */;
			buildPhases = (
				29ECA45A14B0537300B3832D /* Sources */,
				29ECA45B14B0537300B3832D /* Frameworks */,
				29ECA45C14B0537300B3832D /* Resources */,
				29ECA45D14B0537300B3832D /* ShellScript */,
			);
			buildRules = (
			);
			dependencies = (
				29ECA47114B0539700B3832D /* PBXTargetDependency */,
			);
			name = ShiftSchedulerTest;
			productName = ShiftSchedulerTest;
			productReference = 29ECA45F14B0537300B3832D /* ShiftSchedulerTest.octest */;
			productType = "com.apple.product-type.bundle";
		};
/* End PBXNativeTarget section */

/* Begin PBXProject section */
		29B9E1A81472C1D700DB2E1F /* Project object */ = {
			isa = PBXProject;
			attributes = {
				LastUpgradeCheck = 0420;
			};
			buildConfigurationList = 29B9E1AB1472C1D700DB2E1F /* Build configuration list for PBXProject "ShiftScheduler" */;
			compatibilityVersion = "Xcode 3.2";
			developmentRegion = English;
			hasScannedForEncodings = 0;
			knownRegions = (
				en,
				"zh-Hans",
			);
			mainGroup = 29B9E1A61472C1D700DB2E1F;
			productRefGroup = 29B9E1B21472C1D700DB2E1F /* Products */;
			projectDirPath = "";
			projectReferences = (
				{
					ProductGroup = 29B9E1FF1472C94C00DB2E1F /* Products */;
					ProjectRef = 29B9E1FE1472C94C00DB2E1F /* Kal.xcodeproj */;
				},
			);
			projectRoot = "";
			targets = (
				29B9E1B01472C1D700DB2E1F /* ShiftScheduler */,
				29ECA45E14B0537300B3832D /* ShiftSchedulerTest */,
			);
		};
/* End PBXProject section */

/* Begin PBXReferenceProxy section */
		29B9E2061472C94C00DB2E1F /* libKal.a */ = {
			isa = PBXReferenceProxy;
			fileType = archive.ar;
			path = libKal.a;
			remoteRef = 29B9E2051472C94C00DB2E1F /* PBXContainerItemProxy */;
			sourceTree = BUILT_PRODUCTS_DIR;
		};
/* End PBXReferenceProxy section */

/* Begin PBXResourcesBuildPhase section */
		29B9E1AF1472C1D700DB2E1F /* Resources */ = {
			isa = PBXResourcesBuildPhase;
			buildActionMask = 2147483647;
			files = (
				29B9E1FB1472C72000DB2E1F /* Kal.bundle in Resources */,
				29B9E1C21472C1D700DB2E1F /* InfoPlist.strings in Resources */,
				29B9E1D41472C2B000DB2E1F /* Localizable.strings in Resources */,
				29E128C41476C861008DDB53 /* calendar-2.png in Resources */,
				29E128C51476C861008DDB53 /* calendar-1.png in Resources */,
				29E128C61476C861008DDB53 /* calendar.png in Resources */,
				29E128C81476CB53008DDB53 /* calendar-57x57.png in Resources */,
				29E128CA1476CBCA008DDB53 /* calendar-114x114.png in Resources */,
				290474CE148E7A4E0089A432 /* ShfitChangeList.xib in Resources */,
				29873821149917C300A2617F /* DatePickerViewController2.xib in Resources */,
				2919033E14A8CA2200EE1F32 /* ShiftChangeAddVC.xib in Resources */,
				292DBC8114C952B300C87A70 /* jobicons.bundle in Resources */,
				292DBCAE14CA943F00C87A70 /* JPImagePickerDetailController.xib in Resources */,
				292DBCB114CA943F00C87A70 /* JPImagePickerOverviewController.xib in Resources */,
				2929A44B14D04B360059728D /* InfColorPickerView.xib in Resources */,
				2935514614E2BABA004D8FAC /* SSTurnShiftTVC.xib in Resources */,
				2935514814E2DDB0004D8FAC /* ProfileChangeViewController.xib in Resources */,
				2935514F14E2E61F004D8FAC /* SSSettingTVC.xib in Resources */,
			);
			runOnlyForDeploymentPostprocessing = 0;
		};
		29ECA45C14B0537300B3832D /* Resources */ = {
			isa = PBXResourcesBuildPhase;
			buildActionMask = 2147483647;
			files = (
				29ECA46814B0537300B3832D /* InfoPlist.strings in Resources */,
			);
			runOnlyForDeploymentPostprocessing = 0;
		};
/* End PBXResourcesBuildPhase section */

/* Begin PBXShellScriptBuildPhase section */
		29ECA45D14B0537300B3832D /* ShellScript */ = {
			isa = PBXShellScriptBuildPhase;
			buildActionMask = 2147483647;
			files = (
			);
			inputPaths = (
			);
			outputPaths = (
			);
			runOnlyForDeploymentPostprocessing = 0;
			shellPath = /bin/sh;
			shellScript = "# Run the unit tests in this test bundle.\n\"${SYSTEM_DEVELOPER_DIR}/Tools/RunUnitTests\"\n";
		};
/* End PBXShellScriptBuildPhase section */

/* Begin PBXSourcesBuildPhase section */
		29B9E1AD1472C1D700DB2E1F /* Sources */ = {
			isa = PBXSourcesBuildPhase;
			buildActionMask = 2147483647;
			files = (
				29B9E1C41472C1D700DB2E1F /* main.m in Sources */,
				29B9E1C81472C1D700DB2E1F /* SSAppDelegate.m in Sources */,
				29B9E1CB1472C1D700DB2E1F /* ShiftScheduler.xcdatamodeld in Sources */,
				29B9E1EB1472C39F00DB2E1F /* OneJob.m in Sources */,
				29B9E1ED1472C39F00DB2E1F /* ProfileChangeViewController.m in Sources */,
				29B9E1EF1472C39F00DB2E1F /* ProfilesViewController.m in Sources */,
				29B9E1F11472C39F00DB2E1F /* WorkdayDataSource.m in Sources */,
				29B9E21B1472D6FE00DB2E1F /* UIViewAdditions.m in Sources */,
				29DDDAC414808F94004DC703 /* NSDateAdditions.m in Sources */,
				294E2903148B302700E6ED45 /* ShiftDay.m in Sources */,
				290474CD148E7A4E0089A432 /* ShfitChangeList.m in Sources */,
				290474EA148FC6DB0089A432 /* ShiftPickerDataSource.m in Sources */,
				29873820149917C300A2617F /* DatePickerViewController2.m in Sources */,
				2919033D14A8CA2200EE1F32 /* ShiftChangeAddVC.m in Sources */,
				29ECA45214B04CFC00B3832D /* SSKalDelegate.m in Sources */,
				292DBCAB14CA943F00C87A70 /* JPImagePickerController.m in Sources */,
				292DBCAD14CA943F00C87A70 /* JPImagePickerDetailController.m in Sources */,
				292DBCB014CA943F00C87A70 /* JPImagePickerOverviewController.m in Sources */,
				292DBCB314CA943F00C87A70 /* UIImageResizing.m in Sources */,
				29E339D514CA955A0036EAED /* ProfileIconPickerDataSource.m in Sources */,
				2929A44514D04B360059728D /* InfColorBarPicker.m in Sources */,
				2929A44714D04B360059728D /* InfColorIndicatorView.m in Sources */,
				2929A44A14D04B360059728D /* InfColorPickerController.m in Sources */,
				2929A44D14D04B360059728D /* InfColorSquarePicker.m in Sources */,
				2929A44F14D04B360059728D /* InfHSBSupport.m in Sources */,
				2929A45114D04B360059728D /* InfSourceColorView.m in Sources */,
				2929A45714D04C7B0059728D /* UIColor+HexCoding.m in Sources */,
				2935514514E2BABA004D8FAC /* SSTurnShiftTVC.m in Sources */,
				2935514E14E2E61F004D8FAC /* SSSettingTVC.m in Sources */,
				29F2147E14E66DB7008BEE92 /* UIImage+MonoImage.m in Sources */,
			);
			runOnlyForDeploymentPostprocessing = 0;
		};
		29ECA45A14B0537300B3832D /* Sources */ = {
			isa = PBXSourcesBuildPhase;
			buildActionMask = 2147483647;
			files = (
				29ECA46B14B0537300B3832D /* ShiftSchedulerTest.m in Sources */,
			);
			runOnlyForDeploymentPostprocessing = 0;
		};
/* End PBXSourcesBuildPhase section */

/* Begin PBXTargetDependency section */
		29B9E2091472C95D00DB2E1F /* PBXTargetDependency */ = {
			isa = PBXTargetDependency;
			name = Kal;
			targetProxy = 29B9E2081472C95D00DB2E1F /* PBXContainerItemProxy */;
		};
		29ECA47114B0539700B3832D /* PBXTargetDependency */ = {
			isa = PBXTargetDependency;
			target = 29B9E1B01472C1D700DB2E1F /* ShiftScheduler */;
			targetProxy = 29ECA47014B0539700B3832D /* PBXContainerItemProxy */;
		};
/* End PBXTargetDependency section */

/* Begin PBXVariantGroup section */
		29B9E1C01472C1D700DB2E1F /* InfoPlist.strings */ = {
			isa = PBXVariantGroup;
			children = (
				29B9E1C11472C1D700DB2E1F /* en */,
				29B9E1D31472C2A800DB2E1F /* zh-Hans */,
				2900DEC11483E44E00E588EE /* zh-Hant */,
				2932F71614B2237E00BE7A9E /* ja */,
			);
			name = InfoPlist.strings;
			sourceTree = "<group>";
		};
		29B9E1D61472C2B000DB2E1F /* Localizable.strings */ = {
			isa = PBXVariantGroup;
			children = (
				29B9E1D51472C2B000DB2E1F /* en */,
				29B9E1D71472C2B600DB2E1F /* zh-Hans */,
				2900DEC21483E44E00E588EE /* zh-Hant */,
				2932F71714B2237E00BE7A9E /* ja */,
			);
			name = Localizable.strings;
			sourceTree = "<group>";
		};
		29ECA46614B0537300B3832D /* InfoPlist.strings */ = {
			isa = PBXVariantGroup;
			children = (
				29ECA46714B0537300B3832D /* en */,
				2932F71514B2237E00BE7A9E /* ja */,
			);
			name = InfoPlist.strings;
			sourceTree = "<group>";
		};
/* End PBXVariantGroup section */

/* Begin XCBuildConfiguration section */
		29B9E1CC1472C1D700DB2E1F /* Debug */ = {
			isa = XCBuildConfiguration;
			buildSettings = {
				ALWAYS_SEARCH_USER_PATHS = NO;
				ARCHS = "$(ARCHS_STANDARD_32_BIT)";
				CLANG_ENABLE_OBJC_ARC = YES;
				CODE_SIGN_IDENTITY = "iPhone Developer";
				"CODE_SIGN_IDENTITY[sdk=iphoneos*]" = "iPhone Developer";
				COPY_PHASE_STRIP = NO;
				GCC_C_LANGUAGE_STANDARD = gnu99;
				GCC_DYNAMIC_NO_PIC = NO;
				GCC_OPTIMIZATION_LEVEL = 0;
				GCC_PREPROCESSOR_DEFINITIONS = (
					"DEBUG=1",
					"$(inherited)",
				);
				GCC_SYMBOLS_PRIVATE_EXTERN = NO;
				GCC_VERSION = com.apple.compilers.llvm.clang.1_0;
				GCC_WARN_ABOUT_MISSING_PROTOTYPES = YES;
				GCC_WARN_ABOUT_RETURN_TYPE = YES;
				GCC_WARN_UNUSED_VARIABLE = YES;
				IPHONEOS_DEPLOYMENT_TARGET = 5.0;
				PROVISIONING_PROFILE = "";
				SDKROOT = iphoneos;
				SKIP_INSTALL = NO;
				TARGETED_DEVICE_FAMILY = "1,2";
			};
			name = Debug;
		};
		29B9E1CD1472C1D700DB2E1F /* Release */ = {
			isa = XCBuildConfiguration;
			buildSettings = {
				ALWAYS_SEARCH_USER_PATHS = NO;
				ARCHS = "$(ARCHS_STANDARD_32_BIT)";
				CLANG_ENABLE_OBJC_ARC = YES;
				CODE_SIGN_IDENTITY = "iPhone Distribution";
				"CODE_SIGN_IDENTITY[sdk=iphoneos*]" = "iPhone Distribution";
				COPY_PHASE_STRIP = YES;
				GCC_C_LANGUAGE_STANDARD = gnu99;
				GCC_VERSION = com.apple.compilers.llvm.clang.1_0;
				GCC_WARN_ABOUT_MISSING_PROTOTYPES = YES;
				GCC_WARN_ABOUT_RETURN_TYPE = YES;
				GCC_WARN_UNUSED_VARIABLE = YES;
				IPHONEOS_DEPLOYMENT_TARGET = 5.0;
				OTHER_CFLAGS = "-DNS_BLOCK_ASSERTIONS=1";
				PROVISIONING_PROFILE = "";
				"PROVISIONING_PROFILE[sdk=iphoneos*]" = "";
				SDKROOT = iphoneos;
				SKIP_INSTALL = NO;
				TARGETED_DEVICE_FAMILY = "1,2";
				VALIDATE_PRODUCT = YES;
			};
			name = Release;
		};
		29B9E1CF1472C1D700DB2E1F /* Debug */ = {
			isa = XCBuildConfiguration;
			buildSettings = {
				CLANG_WARN_OBJCPP_ARC_ABI = YES;
				FRAMEWORK_SEARCH_PATHS = (
					"$(inherited)",
					"\"$(DEVELOPER_FRAMEWORKS_DIR)\"",
				);
				GCC_PRECOMPILE_PREFIX_HEADER = YES;
				GCC_PREFIX_HEADER = "ShiftScheduler/ShiftScheduler-Prefix.pch";
				INFOPLIST_FILE = "ShiftScheduler/ShiftScheduler-Info.plist";
				IPHONEOS_DEPLOYMENT_TARGET = 5.0;
				PRODUCT_NAME = "$(TARGET_NAME)";
				SKIP_INSTALL = NO;
				TARGETED_DEVICE_FAMILY = 1;
				"USER_HEADER_SEARCH_PATHS[arch=*]" = "$(BUILT_PRODUCTS_DIR)/**";
				WRAPPER_EXTENSION = app;
			};
			name = Debug;
		};
		29B9E1D01472C1D700DB2E1F /* Release */ = {
			isa = XCBuildConfiguration;
			buildSettings = {
				CLANG_WARN_OBJCPP_ARC_ABI = YES;
				FRAMEWORK_SEARCH_PATHS = (
					"$(inherited)",
					"\"$(DEVELOPER_FRAMEWORKS_DIR)\"",
				);
				GCC_PRECOMPILE_PREFIX_HEADER = YES;
				GCC_PREFIX_HEADER = "ShiftScheduler/ShiftScheduler-Prefix.pch";
				INFOPLIST_FILE = "ShiftScheduler/ShiftScheduler-Info.plist";
				IPHONEOS_DEPLOYMENT_TARGET = 5.0;
				PRODUCT_NAME = "$(TARGET_NAME)";
				SKIP_INSTALL = NO;
				TARGETED_DEVICE_FAMILY = 1;
				USER_HEADER_SEARCH_PATHS = "$(BUILT_PRODUCTS_DIR)/**";
				"USER_HEADER_SEARCH_PATHS[arch=*]" = "";
				WRAPPER_EXTENSION = app;
			};
			name = Release;
		};
		29ECA46E14B0537300B3832D /* Debug */ = {
			isa = XCBuildConfiguration;
			buildSettings = {
				FRAMEWORK_SEARCH_PATHS = (
					"$(SDKROOT)/Developer/Library/Frameworks",
					"$(DEVELOPER_LIBRARY_DIR)/Frameworks",
				);
				GCC_PRECOMPILE_PREFIX_HEADER = YES;
				GCC_PREFIX_HEADER = "ShiftSchedulerTest/ShiftSchedulerTest-Prefix.pch";
				INFOPLIST_FILE = "ShiftSchedulerTest/ShiftSchedulerTest-Info.plist";
				PRODUCT_NAME = "$(TARGET_NAME)";
				WRAPPER_EXTENSION = octest;
			};
			name = Debug;
		};
		29ECA46F14B0537300B3832D /* Release */ = {
			isa = XCBuildConfiguration;
			buildSettings = {
				FRAMEWORK_SEARCH_PATHS = (
					"$(SDKROOT)/Developer/Library/Frameworks",
					"$(DEVELOPER_LIBRARY_DIR)/Frameworks",
				);
				GCC_PRECOMPILE_PREFIX_HEADER = YES;
				GCC_PREFIX_HEADER = "ShiftSchedulerTest/ShiftSchedulerTest-Prefix.pch";
				INFOPLIST_FILE = "ShiftSchedulerTest/ShiftSchedulerTest-Info.plist";
				PRODUCT_NAME = "$(TARGET_NAME)";
				WRAPPER_EXTENSION = octest;
			};
			name = Release;
		};
/* End XCBuildConfiguration section */

/* Begin XCConfigurationList section */
		29B9E1AB1472C1D700DB2E1F /* Build configuration list for PBXProject "ShiftScheduler" */ = {
			isa = XCConfigurationList;
			buildConfigurations = (
				29B9E1CC1472C1D700DB2E1F /* Debug */,
				29B9E1CD1472C1D700DB2E1F /* Release */,
			);
			defaultConfigurationIsVisible = 0;
			defaultConfigurationName = Release;
		};
		29B9E1CE1472C1D700DB2E1F /* Build configuration list for PBXNativeTarget "ShiftScheduler" */ = {
			isa = XCConfigurationList;
			buildConfigurations = (
				29B9E1CF1472C1D700DB2E1F /* Debug */,
				29B9E1D01472C1D700DB2E1F /* Release */,
			);
			defaultConfigurationIsVisible = 0;
			defaultConfigurationName = Release;
		};
		29ECA46D14B0537300B3832D /* Build configuration list for PBXNativeTarget "ShiftSchedulerTest" */ = {
			isa = XCConfigurationList;
			buildConfigurations = (
				29ECA46E14B0537300B3832D /* Debug */,
				29ECA46F14B0537300B3832D /* Release */,
			);
			defaultConfigurationIsVisible = 0;
			defaultConfigurationName = Release;
		};
/* End XCConfigurationList section */

/* Begin XCVersionGroup section */
		29B9E1C91472C1D700DB2E1F /* ShiftScheduler.xcdatamodeld */ = {
			isa = XCVersionGroup;
			children = (
				29F2147F14E68A9B008BEE92 /* ShiftScheduler 3.xcdatamodel */,
				294E28FF148B2F3A00E6ED45 /* ShiftScheduler 2.xcdatamodel */,
				2900DEC31483EEA100E588EE /* ShiftSchedulerModelBasic.xcdatamodel */,
				29B9E1CA1472C1D700DB2E1F /* ShiftScheduler.xcdatamodel */,
			);
			currentVersion = 29B9E1CA1472C1D700DB2E1F /* ShiftScheduler.xcdatamodel */;
			path = ShiftScheduler.xcdatamodeld;
			sourceTree = "<group>";
			versionGroupType = wrapper.xcdatamodel;
		};
/* End XCVersionGroup section */
	};
	rootObject = 29B9E1A81472C1D700DB2E1F /* Project object */;
}
